// !$*UTF8*$!
{
	archiveVersion = 1;
	classes = {
	};
	objectVersion = 50;
	objects = {

/* Begin PBXBuildFile section */
		182EF8AB2692AC130018765E /* MusicModel.swift in Sources */ = {isa = PBXBuildFile; fileRef = 182EF8AA2692AC130018765E /* MusicModel.swift */; };
		183047D326892D9200533BCE /* HomePageView.swift in Sources */ = {isa = PBXBuildFile; fileRef = 183047D226892D9200533BCE /* HomePageView.swift */; };
		184F4197268793DC00832965 /* NeptunesApp.swift in Sources */ = {isa = PBXBuildFile; fileRef = 184F4196268793DC00832965 /* NeptunesApp.swift */; };
		184F4199268793DC00832965 /* ContentView.swift in Sources */ = {isa = PBXBuildFile; fileRef = 184F4198268793DC00832965 /* ContentView.swift */; };
		184F419B268793DD00832965 /* Assets.xcassets in Resources */ = {isa = PBXBuildFile; fileRef = 184F419A268793DD00832965 /* Assets.xcassets */; };
		184F419E268793DD00832965 /* Preview Assets.xcassets in Resources */ = {isa = PBXBuildFile; fileRef = 184F419D268793DD00832965 /* Preview Assets.xcassets */; };
		18507F87268E113600B7D10F /* AlbumView.swift in Sources */ = {isa = PBXBuildFile; fileRef = 18507F86268E113600B7D10F /* AlbumView.swift */; };
		1864E2F02687CF4F00DDADE8 /* PageView.swift in Sources */ = {isa = PBXBuildFile; fileRef = 1864E2EF2687CF4F00DDADE8 /* PageView.swift */; };
		188390D72695F0120026B04D /* Viewable.swift in Sources */ = {isa = PBXBuildFile; fileRef = 188390D62695F0120026B04D /* Viewable.swift */; };
		188390D92695F0250026B04D /* Sortable.swift in Sources */ = {isa = PBXBuildFile; fileRef = 188390D82695F0250026B04D /* Sortable.swift */; };
		188390DE2695F1030026B04D /* Collectable.swift in Sources */ = {isa = PBXBuildFile; fileRef = 188390DD2695F1030026B04D /* Collectable.swift */; };
		188390E02695F12C0026B04D /* Artist.swift in Sources */ = {isa = PBXBuildFile; fileRef = 188390DF2695F12C0026B04D /* Artist.swift */; };
		188390E22695F13A0026B04D /* Song.swift in Sources */ = {isa = PBXBuildFile; fileRef = 188390E12695F13A0026B04D /* Song.swift */; };
		188390E42695F14E0026B04D /* Album.swift in Sources */ = {isa = PBXBuildFile; fileRef = 188390E32695F14E0026B04D /* Album.swift */; };
		188390E62695F15E0026B04D /* Playlist.swift in Sources */ = {isa = PBXBuildFile; fileRef = 188390E52695F15E0026B04D /* Playlist.swift */; };
		188390E92695F5900026B04D /* StickyHeaderView.swift in Sources */ = {isa = PBXBuildFile; fileRef = 188390E82695F5900026B04D /* StickyHeaderView.swift */; };
		188390EB2695F6CF0026B04D /* SongView.swift in Sources */ = {isa = PBXBuildFile; fileRef = 188390EA2695F6CF0026B04D /* SongView.swift */; };
		188390ED2695F9560026B04D /* AlbumViewModel.swift in Sources */ = {isa = PBXBuildFile; fileRef = 188390EC2695F9560026B04D /* AlbumViewModel.swift */; };
/* End PBXBuildFile section */

/* Begin PBXFileReference section */
		182EF8AA2692AC130018765E /* MusicModel.swift */ = {isa = PBXFileReference; lastKnownFileType = sourcecode.swift; path = MusicModel.swift; sourceTree = "<group>"; };
		183047D226892D9200533BCE /* HomePageView.swift */ = {isa = PBXFileReference; lastKnownFileType = sourcecode.swift; path = HomePageView.swift; sourceTree = "<group>"; };
		184F4193268793DC00832965 /* Neptunes.app */ = {isa = PBXFileReference; explicitFileType = wrapper.application; includeInIndex = 0; path = Neptunes.app; sourceTree = BUILT_PRODUCTS_DIR; };
		184F4196268793DC00832965 /* NeptunesApp.swift */ = {isa = PBXFileReference; lastKnownFileType = sourcecode.swift; path = NeptunesApp.swift; sourceTree = "<group>"; };
		184F4198268793DC00832965 /* ContentView.swift */ = {isa = PBXFileReference; lastKnownFileType = sourcecode.swift; path = ContentView.swift; sourceTree = "<group>"; };
		184F419A268793DD00832965 /* Assets.xcassets */ = {isa = PBXFileReference; lastKnownFileType = folder.assetcatalog; path = Assets.xcassets; sourceTree = "<group>"; };
		184F419D268793DD00832965 /* Preview Assets.xcassets */ = {isa = PBXFileReference; lastKnownFileType = folder.assetcatalog; path = "Preview Assets.xcassets"; sourceTree = "<group>"; };
		184F419F268793DD00832965 /* Info.plist */ = {isa = PBXFileReference; lastKnownFileType = text.plist.xml; path = Info.plist; sourceTree = "<group>"; };
		18507F86268E113600B7D10F /* AlbumView.swift */ = {isa = PBXFileReference; lastKnownFileType = sourcecode.swift; path = AlbumView.swift; sourceTree = "<group>"; };
		1864E2EF2687CF4F00DDADE8 /* PageView.swift */ = {isa = PBXFileReference; lastKnownFileType = sourcecode.swift; path = PageView.swift; sourceTree = "<group>"; };
		188390D62695F0120026B04D /* Viewable.swift */ = {isa = PBXFileReference; lastKnownFileType = sourcecode.swift; path = Viewable.swift; sourceTree = "<group>"; };
		188390D82695F0250026B04D /* Sortable.swift */ = {isa = PBXFileReference; lastKnownFileType = sourcecode.swift; path = Sortable.swift; sourceTree = "<group>"; };
		188390DD2695F1030026B04D /* Collectable.swift */ = {isa = PBXFileReference; lastKnownFileType = sourcecode.swift; path = Collectable.swift; sourceTree = "<group>"; };
		188390DF2695F12C0026B04D /* Artist.swift */ = {isa = PBXFileReference; lastKnownFileType = sourcecode.swift; path = Artist.swift; sourceTree = "<group>"; };
		188390E12695F13A0026B04D /* Song.swift */ = {isa = PBXFileReference; lastKnownFileType = sourcecode.swift; path = Song.swift; sourceTree = "<group>"; };
		188390E32695F14E0026B04D /* Album.swift */ = {isa = PBXFileReference; lastKnownFileType = sourcecode.swift; path = Album.swift; sourceTree = "<group>"; };
		188390E52695F15E0026B04D /* Playlist.swift */ = {isa = PBXFileReference; lastKnownFileType = sourcecode.swift; path = Playlist.swift; sourceTree = "<group>"; };
		188390E82695F5900026B04D /* StickyHeaderView.swift */ = {isa = PBXFileReference; lastKnownFileType = sourcecode.swift; path = StickyHeaderView.swift; sourceTree = "<group>"; };
		188390EA2695F6CF0026B04D /* SongView.swift */ = {isa = PBXFileReference; lastKnownFileType = sourcecode.swift; path = SongView.swift; sourceTree = "<group>"; };
		188390EC2695F9560026B04D /* AlbumViewModel.swift */ = {isa = PBXFileReference; lastKnownFileType = sourcecode.swift; path = AlbumViewModel.swift; sourceTree = "<group>"; };
/* End PBXFileReference section */

/* Begin PBXFrameworksBuildPhase section */
		184F4190268793DC00832965 /* Frameworks */ = {
			isa = PBXFrameworksBuildPhase;
			buildActionMask = 2147483647;
			files = (
			);
			runOnlyForDeploymentPostprocessing = 0;
		};
/* End PBXFrameworksBuildPhase section */

/* Begin PBXGroup section */
		184F418A268793DC00832965 = {
			isa = PBXGroup;
			children = (
				184F4195268793DC00832965 /* Neptunes */,
				184F4194268793DC00832965 /* Products */,
			);
			sourceTree = "<group>";
		};
		184F4194268793DC00832965 /* Products */ = {
			isa = PBXGroup;
			children = (
				184F4193268793DC00832965 /* Neptunes.app */,
			);
			name = Products;
			sourceTree = "<group>";
		};
		184F4195268793DC00832965 /* Neptunes */ = {
			isa = PBXGroup;
			children = (
				188390E72695F5680026B04D /* AlbumView */,
				188390D52695EE140026B04D /* Models */,
				184F4196268793DC00832965 /* NeptunesApp.swift */,
				184F4198268793DC00832965 /* ContentView.swift */,
				1864E2EF2687CF4F00DDADE8 /* PageView.swift */,
				183047D226892D9200533BCE /* HomePageView.swift */,
				184F419A268793DD00832965 /* Assets.xcassets */,
				184F419F268793DD00832965 /* Info.plist */,
				184F419C268793DD00832965 /* Preview Content */,
			);
			path = Neptunes;
			sourceTree = "<group>";
		};
		184F419C268793DD00832965 /* Preview Content */ = {
			isa = PBXGroup;
			children = (
				184F419D268793DD00832965 /* Preview Assets.xcassets */,
			);
			path = "Preview Content";
			sourceTree = "<group>";
		};
		188390D52695EE140026B04D /* Models */ = {
			isa = PBXGroup;
			children = (
				188390DC2695F0700026B04D /* Music */,
			);
			path = Models;
			sourceTree = "<group>";
		};
		188390DC2695F0700026B04D /* Music */ = {
			isa = PBXGroup;
			children = (
				188390D62695F0120026B04D /* Viewable.swift */,
				188390D82695F0250026B04D /* Sortable.swift */,
				188390DD2695F1030026B04D /* Collectable.swift */,
				188390DF2695F12C0026B04D /* Artist.swift */,
				188390E12695F13A0026B04D /* Song.swift */,
				188390E32695F14E0026B04D /* Album.swift */,
				188390E52695F15E0026B04D /* Playlist.swift */,
				182EF8AA2692AC130018765E /* MusicModel.swift */,
			);
			path = Music;
			sourceTree = "<group>";
		};
		188390E72695F5680026B04D /* AlbumView */ = {
			isa = PBXGroup;
			children = (
				18507F86268E113600B7D10F /* AlbumView.swift */,
				188390EC2695F9560026B04D /* AlbumViewModel.swift */,
				188390E82695F5900026B04D /* StickyHeaderView.swift */,
				188390EA2695F6CF0026B04D /* SongView.swift */,
			);
			path = AlbumView;
			sourceTree = "<group>";
		};
/* End PBXGroup section */

/* Begin PBXNativeTarget section */
		184F4192268793DC00832965 /* Neptunes */ = {
			isa = PBXNativeTarget;
			buildConfigurationList = 184F41A2268793DD00832965 /* Build configuration list for PBXNativeTarget "Neptunes" */;
			buildPhases = (
				184F418F268793DC00832965 /* Sources */,
				184F4190268793DC00832965 /* Frameworks */,
				184F4191268793DC00832965 /* Resources */,
			);
			buildRules = (
			);
			dependencies = (
			);
			name = Neptunes;
			productName = Apollo;
			productReference = 184F4193268793DC00832965 /* Neptunes.app */;
			productType = "com.apple.product-type.application";
		};
/* End PBXNativeTarget section */

/* Begin PBXProject section */
		184F418B268793DC00832965 /* Project object */ = {
			isa = PBXProject;
			attributes = {
				LastSwiftUpdateCheck = 1250;
				LastUpgradeCheck = 1250;
				TargetAttributes = {
					184F4192268793DC00832965 = {
						CreatedOnToolsVersion = 12.5;
					};
				};
			};
			buildConfigurationList = 184F418E268793DC00832965 /* Build configuration list for PBXProject "Neptunes" */;
			compatibilityVersion = "Xcode 9.3";
			developmentRegion = en;
			hasScannedForEncodings = 0;
			knownRegions = (
				en,
				Base,
			);
			mainGroup = 184F418A268793DC00832965;
			productRefGroup = 184F4194268793DC00832965 /* Products */;
			projectDirPath = "";
			projectRoot = "";
			targets = (
				184F4192268793DC00832965 /* Neptunes */,
			);
		};
/* End PBXProject section */

/* Begin PBXResourcesBuildPhase section */
		184F4191268793DC00832965 /* Resources */ = {
			isa = PBXResourcesBuildPhase;
			buildActionMask = 2147483647;
			files = (
				184F419E268793DD00832965 /* Preview Assets.xcassets in Resources */,
				184F419B268793DD00832965 /* Assets.xcassets in Resources */,
			);
			runOnlyForDeploymentPostprocessing = 0;
		};
/* End PBXResourcesBuildPhase section */

/* Begin PBXSourcesBuildPhase section */
		184F418F268793DC00832965 /* Sources */ = {
			isa = PBXSourcesBuildPhase;
			buildActionMask = 2147483647;
			files = (
				188390D72695F0120026B04D /* Viewable.swift in Sources */,
				188390E62695F15E0026B04D /* Playlist.swift in Sources */,
				184F4199268793DC00832965 /* ContentView.swift in Sources */,
				1864E2F02687CF4F00DDADE8 /* PageView.swift in Sources */,
				188390DE2695F1030026B04D /* Collectable.swift in Sources */,
				183047D326892D9200533BCE /* HomePageView.swift in Sources */,
				188390E22695F13A0026B04D /* Song.swift in Sources */,
				18507F87268E113600B7D10F /* AlbumView.swift in Sources */,
				188390E92695F5900026B04D /* StickyHeaderView.swift in Sources */,
				188390D92695F0250026B04D /* Sortable.swift in Sources */,
				184F4197268793DC00832965 /* NeptunesApp.swift in Sources */,
				188390E02695F12C0026B04D /* Artist.swift in Sources */,
				188390ED2695F9560026B04D /* AlbumViewModel.swift in Sources */,
				188390EB2695F6CF0026B04D /* SongView.swift in Sources */,
				182EF8AB2692AC130018765E /* MusicModel.swift in Sources */,
				188390E42695F14E0026B04D /* Album.swift in Sources */,
			);
			runOnlyForDeploymentPostprocessing = 0;
		};
/* End PBXSourcesBuildPhase section */

/* Begin XCBuildConfiguration section */
		184F41A0268793DD00832965 /* Debug */ = {
			isa = XCBuildConfiguration;
			buildSettings = {
				ALWAYS_SEARCH_USER_PATHS = NO;
				CLANG_ANALYZER_NONNULL = YES;
				CLANG_ANALYZER_NUMBER_OBJECT_CONVERSION = YES_AGGRESSIVE;
				CLANG_CXX_LANGUAGE_STANDARD = "gnu++14";
				CLANG_CXX_LIBRARY = "libc++";
				CLANG_ENABLE_MODULES = YES;
				CLANG_ENABLE_OBJC_ARC = YES;
				CLANG_ENABLE_OBJC_WEAK = YES;
				CLANG_WARN_BLOCK_CAPTURE_AUTORELEASING = YES;
				CLANG_WARN_BOOL_CONVERSION = YES;
				CLANG_WARN_COMMA = YES;
				CLANG_WARN_CONSTANT_CONVERSION = YES;
				CLANG_WARN_DEPRECATED_OBJC_IMPLEMENTATIONS = YES;
				CLANG_WARN_DIRECT_OBJC_ISA_USAGE = YES_ERROR;
				CLANG_WARN_DOCUMENTATION_COMMENTS = YES;
				CLANG_WARN_EMPTY_BODY = YES;
				CLANG_WARN_ENUM_CONVERSION = YES;
				CLANG_WARN_INFINITE_RECURSION = YES;
				CLANG_WARN_INT_CONVERSION = YES;
				CLANG_WARN_NON_LITERAL_NULL_CONVERSION = YES;
				CLANG_WARN_OBJC_IMPLICIT_RETAIN_SELF = YES;
				CLANG_WARN_OBJC_LITERAL_CONVERSION = YES;
				CLANG_WARN_OBJC_ROOT_CLASS = YES_ERROR;
				CLANG_WARN_QUOTED_INCLUDE_IN_FRAMEWORK_HEADER = YES;
				CLANG_WARN_RANGE_LOOP_ANALYSIS = YES;
				CLANG_WARN_STRICT_PROTOTYPES = YES;
				CLANG_WARN_SUSPICIOUS_MOVE = YES;
				CLANG_WARN_UNGUARDED_AVAILABILITY = YES_AGGRESSIVE;
				CLANG_WARN_UNREACHABLE_CODE = YES;
				CLANG_WARN__DUPLICATE_METHOD_MATCH = YES;
				COPY_PHASE_STRIP = NO;
				DEBUG_INFORMATION_FORMAT = dwarf;
				ENABLE_STRICT_OBJC_MSGSEND = YES;
				ENABLE_TESTABILITY = YES;
				GCC_C_LANGUAGE_STANDARD = gnu11;
				GCC_DYNAMIC_NO_PIC = NO;
				GCC_NO_COMMON_BLOCKS = YES;
				GCC_OPTIMIZATION_LEVEL = 0;
				GCC_PREPROCESSOR_DEFINITIONS = (
					"DEBUG=1",
					"$(inherited)",
				);
				GCC_WARN_64_TO_32_BIT_CONVERSION = YES;
				GCC_WARN_ABOUT_RETURN_TYPE = YES_ERROR;
				GCC_WARN_UNDECLARED_SELECTOR = YES;
				GCC_WARN_UNINITIALIZED_AUTOS = YES_AGGRESSIVE;
				GCC_WARN_UNUSED_FUNCTION = YES;
				GCC_WARN_UNUSED_VARIABLE = YES;
				IPHONEOS_DEPLOYMENT_TARGET = 14.5;
				MTL_ENABLE_DEBUG_INFO = INCLUDE_SOURCE;
				MTL_FAST_MATH = YES;
				ONLY_ACTIVE_ARCH = YES;
				SDKROOT = iphoneos;
				SWIFT_ACTIVE_COMPILATION_CONDITIONS = DEBUG;
				SWIFT_OPTIMIZATION_LEVEL = "-Onone";
			};
			name = Debug;
		};
		184F41A1268793DD00832965 /* Release */ = {
			isa = XCBuildConfiguration;
			buildSettings = {
				ALWAYS_SEARCH_USER_PATHS = NO;
				CLANG_ANALYZER_NONNULL = YES;
				CLANG_ANALYZER_NUMBER_OBJECT_CONVERSION = YES_AGGRESSIVE;
				CLANG_CXX_LANGUAGE_STANDARD = "gnu++14";
				CLANG_CXX_LIBRARY = "libc++";
				CLANG_ENABLE_MODULES = YES;
				CLANG_ENABLE_OBJC_ARC = YES;
				CLANG_ENABLE_OBJC_WEAK = YES;
				CLANG_WARN_BLOCK_CAPTURE_AUTORELEASING = YES;
				CLANG_WARN_BOOL_CONVERSION = YES;
				CLANG_WARN_COMMA = YES;
				CLANG_WARN_CONSTANT_CONVERSION = YES;
				CLANG_WARN_DEPRECATED_OBJC_IMPLEMENTATIONS = YES;
				CLANG_WARN_DIRECT_OBJC_ISA_USAGE = YES_ERROR;
				CLANG_WARN_DOCUMENTATION_COMMENTS = YES;
				CLANG_WARN_EMPTY_BODY = YES;
				CLANG_WARN_ENUM_CONVERSION = YES;
				CLANG_WARN_INFINITE_RECURSION = YES;
				CLANG_WARN_INT_CONVERSION = YES;
				CLANG_WARN_NON_LITERAL_NULL_CONVERSION = YES;
				CLANG_WARN_OBJC_IMPLICIT_RETAIN_SELF = YES;
				CLANG_WARN_OBJC_LITERAL_CONVERSION = YES;
				CLANG_WARN_OBJC_ROOT_CLASS = YES_ERROR;
				CLANG_WARN_QUOTED_INCLUDE_IN_FRAMEWORK_HEADER = YES;
				CLANG_WARN_RANGE_LOOP_ANALYSIS = YES;
				CLANG_WARN_STRICT_PROTOTYPES = YES;
				CLANG_WARN_SUSPICIOUS_MOVE = YES;
				CLANG_WARN_UNGUARDED_AVAILABILITY = YES_AGGRESSIVE;
				CLANG_WARN_UNREACHABLE_CODE = YES;
				CLANG_WARN__DUPLICATE_METHOD_MATCH = YES;
				COPY_PHASE_STRIP = NO;
				DEBUG_INFORMATION_FORMAT = "dwarf-with-dsym";
				ENABLE_NS_ASSERTIONS = NO;
				ENABLE_STRICT_OBJC_MSGSEND = YES;
				GCC_C_LANGUAGE_STANDARD = gnu11;
				GCC_NO_COMMON_BLOCKS = YES;
				GCC_WARN_64_TO_32_BIT_CONVERSION = YES;
				GCC_WARN_ABOUT_RETURN_TYPE = YES_ERROR;
				GCC_WARN_UNDECLARED_SELECTOR = YES;
				GCC_WARN_UNINITIALIZED_AUTOS = YES_AGGRESSIVE;
				GCC_WARN_UNUSED_FUNCTION = YES;
				GCC_WARN_UNUSED_VARIABLE = YES;
				IPHONEOS_DEPLOYMENT_TARGET = 14.5;
				MTL_ENABLE_DEBUG_INFO = NO;
				MTL_FAST_MATH = YES;
				SDKROOT = iphoneos;
				SWIFT_COMPILATION_MODE = wholemodule;
				SWIFT_OPTIMIZATION_LEVEL = "-O";
				VALIDATE_PRODUCT = YES;
			};
			name = Release;
		};
		184F41A3268793DD00832965 /* Debug */ = {
			isa = XCBuildConfiguration;
			buildSettings = {
				ASSETCATALOG_COMPILER_APPICON_NAME = AppIcon;
				ASSETCATALOG_COMPILER_GLOBAL_ACCENT_COLOR_NAME = AccentColor;
				CODE_SIGN_STYLE = Automatic;
				DEVELOPMENT_ASSET_PATHS = "\"Neptunes/Preview Content\"";
				DEVELOPMENT_TEAM = 75AGNXCF5M;
				ENABLE_PREVIEWS = YES;
				INFOPLIST_FILE = Neptunes/Info.plist;
				IPHONEOS_DEPLOYMENT_TARGET = 15.0;
				LD_RUNPATH_SEARCH_PATHS = (
					"$(inherited)",
					"@executable_path/Frameworks",
				);
				PRODUCT_BUNDLE_IDENTIFIER = com.tsaruggan.Neptunes;
				PRODUCT_NAME = "$(TARGET_NAME)";
				SWIFT_VERSION = 5.0;
				TARGETED_DEVICE_FAMILY = 1;
			};
			name = Debug;
		};
		184F41A4268793DD00832965 /* Release */ = {
			isa = XCBuildConfiguration;
			buildSettings = {
				ASSETCATALOG_COMPILER_APPICON_NAME = AppIcon;
				ASSETCATALOG_COMPILER_GLOBAL_ACCENT_COLOR_NAME = AccentColor;
				CODE_SIGN_STYLE = Automatic;
				DEVELOPMENT_ASSET_PATHS = "\"Neptunes/Preview Content\"";
				DEVELOPMENT_TEAM = 75AGNXCF5M;
				ENABLE_PREVIEWS = YES;
				INFOPLIST_FILE = Neptunes/Info.plist;
				IPHONEOS_DEPLOYMENT_TARGET = 15.0;
				LD_RUNPATH_SEARCH_PATHS = (
					"$(inherited)",
					"@executable_path/Frameworks",
				);
				PRODUCT_BUNDLE_IDENTIFIER = com.tsaruggan.Neptunes;
				PRODUCT_NAME = "$(TARGET_NAME)";
				SWIFT_VERSION = 5.0;
				TARGETED_DEVICE_FAMILY = 1;
			};
			name = Release;
		};
/* End XCBuildConfiguration section */

/* Begin XCConfigurationList section */
		184F418E268793DC00832965 /* Build configuration list for PBXProject "Neptunes" */ = {
			isa = XCConfigurationList;
			buildConfigurations = (
				184F41A0268793DD00832965 /* Debug */,
				184F41A1268793DD00832965 /* Release */,
			);
			defaultConfigurationIsVisible = 0;
			defaultConfigurationName = Release;
		};
		184F41A2268793DD00832965 /* Build configuration list for PBXNativeTarget "Neptunes" */ = {
			isa = XCConfigurationList;
			buildConfigurations = (
				184F41A3268793DD00832965 /* Debug */,
				184F41A4268793DD00832965 /* Release */,
			);
			defaultConfigurationIsVisible = 0;
			defaultConfigurationName = Release;
		};
/* End XCConfigurationList section */
	};
	rootObject = 184F418B268793DC00832965 /* Project object */;
}
