// !$*UTF8*$!
{
	archiveVersion = 1;
	classes = {
	};
	objectVersion = 56;
	objects = {

/* Begin PBXBuildFile section */
		180A1A442C56B2D00070C8EE /* Metadata.swift in Sources */ = {isa = PBXBuildFile; fileRef = 180A1A202C56B2D00070C8EE /* Metadata.swift */; };
		180A1A452C56B2D00070C8EE /* Album+CoreDataClass.swift in Sources */ = {isa = PBXBuildFile; fileRef = 180A1A212C56B2D00070C8EE /* Album+CoreDataClass.swift */; };
		180A1A462C56B2D00070C8EE /* Song+CoreDataClass.swift in Sources */ = {isa = PBXBuildFile; fileRef = 180A1A222C56B2D00070C8EE /* Song+CoreDataClass.swift */; };
		180A1A482C56B2D00070C8EE /* Artist+CoreDataClass.swift in Sources */ = {isa = PBXBuildFile; fileRef = 180A1A242C56B2D00070C8EE /* Artist+CoreDataClass.swift */; };
		180A1A492C56B2D00070C8EE /* Album+CoreDataProperties.swift in Sources */ = {isa = PBXBuildFile; fileRef = 180A1A252C56B2D00070C8EE /* Album+CoreDataProperties.swift */; };
		180A1A4A2C56B2D00070C8EE /* Artist+CoreDataProperties.swift in Sources */ = {isa = PBXBuildFile; fileRef = 180A1A262C56B2D00070C8EE /* Artist+CoreDataProperties.swift */; };
		180A1A4B2C56B2D00070C8EE /* KMeans.swift in Sources */ = {isa = PBXBuildFile; fileRef = 180A1A282C56B2D00070C8EE /* KMeans.swift */; };
		180A1A4C2C56B2D00070C8EE /* ColorAnalyzer.swift in Sources */ = {isa = PBXBuildFile; fileRef = 180A1A292C56B2D00070C8EE /* ColorAnalyzer.swift */; };
		180A1A4D2C56B2D00070C8EE /* UIColor+hex.swift in Sources */ = {isa = PBXBuildFile; fileRef = 180A1A2A2C56B2D00070C8EE /* UIColor+hex.swift */; };
		180A1A4E2C56B2D00070C8EE /* Vector.swift in Sources */ = {isa = PBXBuildFile; fileRef = 180A1A2B2C56B2D00070C8EE /* Vector.swift */; };
		180A1A4F2C56B2D00070C8EE /* Palette+CoreDataProperties.swift in Sources */ = {isa = PBXBuildFile; fileRef = 180A1A2C2C56B2D00070C8EE /* Palette+CoreDataProperties.swift */; };
		180A1A502C56B2D00070C8EE /* Palette+CoreDataClass.swift in Sources */ = {isa = PBXBuildFile; fileRef = 180A1A2D2C56B2D00070C8EE /* Palette+CoreDataClass.swift */; };
		180A1A512C56B2D00070C8EE /* ConfigAsset.swift in Sources */ = {isa = PBXBuildFile; fileRef = 180A1A302C56B2D00070C8EE /* ConfigAsset.swift */; };
		180A1A522C56B2D00070C8EE /* ConfigCommand.swift in Sources */ = {isa = PBXBuildFile; fileRef = 180A1A312C56B2D00070C8EE /* ConfigCommand.swift */; };
		180A1A532C56B2D00070C8EE /* ConfigCommandCollection.swift in Sources */ = {isa = PBXBuildFile; fileRef = 180A1A322C56B2D00070C8EE /* ConfigCommandCollection.swift */; };
		180A1A542C56B2D00070C8EE /* ConfigPath.swift in Sources */ = {isa = PBXBuildFile; fileRef = 180A1A332C56B2D00070C8EE /* ConfigPath.swift */; };
		180A1A552C56B2D00070C8EE /* ConfigModel.swift in Sources */ = {isa = PBXBuildFile; fileRef = 180A1A342C56B2D00070C8EE /* ConfigModel.swift */; };
		180A1A562C56B2D00070C8EE /* NowPlayableMetadata.swift in Sources */ = {isa = PBXBuildFile; fileRef = 180A1A362C56B2D00070C8EE /* NowPlayableMetadata.swift */; };
		180A1A572C56B2D00070C8EE /* NowPlayable.swift in Sources */ = {isa = PBXBuildFile; fileRef = 180A1A372C56B2D00070C8EE /* NowPlayable.swift */; };
		180A1A582C56B2D00070C8EE /* NowPlayableError.swift in Sources */ = {isa = PBXBuildFile; fileRef = 180A1A382C56B2D00070C8EE /* NowPlayableError.swift */; };
		180A1A592C56B2D00070C8EE /* IOSNowPlayableBehaviour.swift in Sources */ = {isa = PBXBuildFile; fileRef = 180A1A392C56B2D00070C8EE /* IOSNowPlayableBehaviour.swift */; };
		180A1A5A2C56B2D00070C8EE /* NowPlayableCommand.swift in Sources */ = {isa = PBXBuildFile; fileRef = 180A1A3A2C56B2D00070C8EE /* NowPlayableCommand.swift */; };
		180A1A5E2C56B2D00070C8EE /* CoreDataManager.swift in Sources */ = {isa = PBXBuildFile; fileRef = 180A1A3F2C56B2D00070C8EE /* CoreDataManager.swift */; };
		180A1A5F2C56B2D00070C8EE /* LocalFileManager.swift in Sources */ = {isa = PBXBuildFile; fileRef = 180A1A402C56B2D00070C8EE /* LocalFileManager.swift */; };
		180A1A602C56B2D00070C8EE /* Persistence.swift in Sources */ = {isa = PBXBuildFile; fileRef = 180A1A412C56B2D00070C8EE /* Persistence.swift */; };
		180A1A642C56B51B0070C8EE /* Neptunes.xcdatamodeld in Sources */ = {isa = PBXBuildFile; fileRef = 180A1A622C56B51B0070C8EE /* Neptunes.xcdatamodeld */; };
		181CFB6C2C56B70300740943 /* SwiftImage in Frameworks */ = {isa = PBXBuildFile; productRef = 181CFB6B2C56B70300740943 /* SwiftImage */; };
		181CFB882C56BA6800740943 /* PhotoPickerView.swift in Sources */ = {isa = PBXBuildFile; fileRef = 181CFB6F2C56BA6800740943 /* PhotoPickerView.swift */; };
		181CFB892C56BA6800740943 /* ImageCropper.swift in Sources */ = {isa = PBXBuildFile; fileRef = 181CFB712C56BA6800740943 /* ImageCropper.swift */; };
		181CFB8A2C56BA6800740943 /* ImageCropperViewController.swift in Sources */ = {isa = PBXBuildFile; fileRef = 181CFB722C56BA6800740943 /* ImageCropperViewController.swift */; };
		181CFB8B2C56BA6800740943 /* EditorViewModel.swift in Sources */ = {isa = PBXBuildFile; fileRef = 181CFB732C56BA6800740943 /* EditorViewModel.swift */; };
		181CFB8C2C56BA6800740943 /* EditorView.swift in Sources */ = {isa = PBXBuildFile; fileRef = 181CFB742C56BA6800740943 /* EditorView.swift */; };
		181CFB8D2C56BA6800740943 /* MarqueeView.swift in Sources */ = {isa = PBXBuildFile; fileRef = 181CFB762C56BA6800740943 /* MarqueeView.swift */; };
		181CFB8E2C56BA6800740943 /* PlayerViewModel.swift in Sources */ = {isa = PBXBuildFile; fileRef = 181CFB772C56BA6800740943 /* PlayerViewModel.swift */; };
		181CFB8F2C56BA6800740943 /* PlayerView.swift in Sources */ = {isa = PBXBuildFile; fileRef = 181CFB782C56BA6800740943 /* PlayerView.swift */; };
		181CFB902C56BA6800740943 /* ScrubberView.swift in Sources */ = {isa = PBXBuildFile; fileRef = 181CFB792C56BA6800740943 /* ScrubberView.swift */; };
		181CFB912C56BA6800740943 /* AlbumViewModel.swift in Sources */ = {isa = PBXBuildFile; fileRef = 181CFB7C2C56BA6800740943 /* AlbumViewModel.swift */; };
		181CFB922C56BA6800740943 /* AlbumView.swift in Sources */ = {isa = PBXBuildFile; fileRef = 181CFB7D2C56BA6800740943 /* AlbumView.swift */; };
		181CFB932C56BA6900740943 /* ArtistView.swift in Sources */ = {isa = PBXBuildFile; fileRef = 181CFB7F2C56BA6800740943 /* ArtistView.swift */; };
		181CFB942C56BA6900740943 /* ArtistViewModel.swift in Sources */ = {isa = PBXBuildFile; fileRef = 181CFB802C56BA6800740943 /* ArtistViewModel.swift */; };
		181CFB952C56BA6900740943 /* NeptunesView.swift in Sources */ = {isa = PBXBuildFile; fileRef = 181CFB812C56BA6800740943 /* NeptunesView.swift */; };
		181CFB962C56BA6900740943 /* DetailedSongView.swift in Sources */ = {isa = PBXBuildFile; fileRef = 181CFB832C56BA6800740943 /* DetailedSongView.swift */; };
		181CFB972C56BA6900740943 /* HeaderView.swift in Sources */ = {isa = PBXBuildFile; fileRef = 181CFB842C56BA6800740943 /* HeaderView.swift */; };
		181CFB982C56BA6900740943 /* SongView.swift in Sources */ = {isa = PBXBuildFile; fileRef = 181CFB852C56BA6800740943 /* SongView.swift */; };
		181CFB992C56BA6900740943 /* SongListView.swift in Sources */ = {isa = PBXBuildFile; fileRef = 181CFB862C56BA6800740943 /* SongListView.swift */; };
		181CFB9A2C56BA6900740943 /* ArtworkView.swift in Sources */ = {isa = PBXBuildFile; fileRef = 181CFB872C56BA6800740943 /* ArtworkView.swift */; };
		181CFB9D2C56BB9500740943 /* Mantis in Frameworks */ = {isa = PBXBuildFile; productRef = 181CFB9C2C56BB9500740943 /* Mantis */; };
		181CFB9F2C56EBBB00740943 /* HomeView.swift in Sources */ = {isa = PBXBuildFile; fileRef = 181CFB9E2C56EBBB00740943 /* HomeView.swift */; };
		182F6A722C580D93000D83D6 /* Queue.swift in Sources */ = {isa = PBXBuildFile; fileRef = 182F6A702C580D93000D83D6 /* Queue.swift */; };
		182F6A732C580D93000D83D6 /* NowPlaying.swift in Sources */ = {isa = PBXBuildFile; fileRef = 182F6A712C580D93000D83D6 /* NowPlaying.swift */; };
		18769BF52C53070E0080C8A9 /* song3.mp3 in Resources */ = {isa = PBXBuildFile; fileRef = 18769BF02C53070E0080C8A9 /* song3.mp3 */; };
		18769BF62C53070E0080C8A9 /* song5.mp3 in Resources */ = {isa = PBXBuildFile; fileRef = 18769BF12C53070E0080C8A9 /* song5.mp3 */; };
		18769BF72C53070E0080C8A9 /* song2.mp3 in Resources */ = {isa = PBXBuildFile; fileRef = 18769BF22C53070E0080C8A9 /* song2.mp3 */; };
		18769BF82C53070E0080C8A9 /* song4.mp3 in Resources */ = {isa = PBXBuildFile; fileRef = 18769BF32C53070E0080C8A9 /* song4.mp3 */; };
		18769BF92C53070E0080C8A9 /* song1.mp3 in Resources */ = {isa = PBXBuildFile; fileRef = 18769BF42C53070E0080C8A9 /* song1.mp3 */; };
		187D4BD22C50141700FD8B25 /* NeptunesApp.swift in Sources */ = {isa = PBXBuildFile; fileRef = 187D4BD12C50141700FD8B25 /* NeptunesApp.swift */; };
		187D4BD42C50141700FD8B25 /* ContentView.swift in Sources */ = {isa = PBXBuildFile; fileRef = 187D4BD32C50141700FD8B25 /* ContentView.swift */; };
		187D4BD62C50141900FD8B25 /* Assets.xcassets in Resources */ = {isa = PBXBuildFile; fileRef = 187D4BD52C50141900FD8B25 /* Assets.xcassets */; };
		187D4BD92C50141900FD8B25 /* Preview Assets.xcassets in Resources */ = {isa = PBXBuildFile; fileRef = 187D4BD82C50141900FD8B25 /* Preview Assets.xcassets */; };
		187D4BE82C50141900FD8B25 /* NeptunesTests.swift in Sources */ = {isa = PBXBuildFile; fileRef = 187D4BE72C50141900FD8B25 /* NeptunesTests.swift */; };
		187D4C112C5017A900FD8B25 /* Player.swift in Sources */ = {isa = PBXBuildFile; fileRef = 187D4C0B2C5017A900FD8B25 /* Player.swift */; };
		1880B6F82C5F361B00B40E64 /* Shiny in Frameworks */ = {isa = PBXBuildFile; productRef = 1880B6F72C5F361B00B40E64 /* Shiny */; };
		1890C1892C52C93E005CBCA3 /* PlayerTests.swift in Sources */ = {isa = PBXBuildFile; fileRef = 1890C1882C52C93E005CBCA3 /* PlayerTests.swift */; };
		18D305DF2C6264C200EB8A02 /* Song+CoreDataProperties.swift in Sources */ = {isa = PBXBuildFile; fileRef = 18D305DD2C6264C200EB8A02 /* Song+CoreDataProperties.swift */; };
		18D39E442C5D69ED005ABE21 /* PreviewPlayerView.swift in Sources */ = {isa = PBXBuildFile; fileRef = 18D39E432C5D69ED005ABE21 /* PreviewPlayerView.swift */; };
		18D39E462C5D6A18005ABE21 /* PreviewPlayerViewModel.swift in Sources */ = {isa = PBXBuildFile; fileRef = 18D39E452C5D6A18005ABE21 /* PreviewPlayerViewModel.swift */; };
		18D8B6D12C501ABE00AC94CF /* song2.mp3 in Resources */ = {isa = PBXBuildFile; fileRef = 18D8B6CC2C501ABE00AC94CF /* song2.mp3 */; };
		18D8B6D22C501ABE00AC94CF /* song5.mp3 in Resources */ = {isa = PBXBuildFile; fileRef = 18D8B6CD2C501ABE00AC94CF /* song5.mp3 */; };
		18D8B6D32C501ABE00AC94CF /* song3.mp3 in Resources */ = {isa = PBXBuildFile; fileRef = 18D8B6CE2C501ABE00AC94CF /* song3.mp3 */; };
		18D8B6D42C501ABE00AC94CF /* song4.mp3 in Resources */ = {isa = PBXBuildFile; fileRef = 18D8B6CF2C501ABE00AC94CF /* song4.mp3 */; };
		18D8B6D52C501ABE00AC94CF /* song1.mp3 in Resources */ = {isa = PBXBuildFile; fileRef = 18D8B6D02C501ABE00AC94CF /* song1.mp3 */; };
		18D8B6D92C502A7300AC94CF /* UpcomingSongsView.swift in Sources */ = {isa = PBXBuildFile; fileRef = 18D8B6D82C502A7300AC94CF /* UpcomingSongsView.swift */; };
		18D8B6DB2C50356E00AC94CF /* UpcomingSongsViewModel.swift in Sources */ = {isa = PBXBuildFile; fileRef = 18D8B6DA2C50356E00AC94CF /* UpcomingSongsViewModel.swift */; };
/* End PBXBuildFile section */

/* Begin PBXContainerItemProxy section */
		187D4BE42C50141900FD8B25 /* PBXContainerItemProxy */ = {
			isa = PBXContainerItemProxy;
			containerPortal = 187D4BC62C50141700FD8B25 /* Project object */;
			proxyType = 1;
			remoteGlobalIDString = 187D4BCD2C50141700FD8B25;
			remoteInfo = Neptunes;
		};
/* End PBXContainerItemProxy section */

/* Begin PBXFileReference section */
		180A1A202C56B2D00070C8EE /* Metadata.swift */ = {isa = PBXFileReference; fileEncoding = 4; lastKnownFileType = sourcecode.swift; path = Metadata.swift; sourceTree = "<group>"; };
		180A1A212C56B2D00070C8EE /* Album+CoreDataClass.swift */ = {isa = PBXFileReference; fileEncoding = 4; lastKnownFileType = sourcecode.swift; path = "Album+CoreDataClass.swift"; sourceTree = "<group>"; };
		180A1A222C56B2D00070C8EE /* Song+CoreDataClass.swift */ = {isa = PBXFileReference; fileEncoding = 4; lastKnownFileType = sourcecode.swift; path = "Song+CoreDataClass.swift"; sourceTree = "<group>"; };
		180A1A242C56B2D00070C8EE /* Artist+CoreDataClass.swift */ = {isa = PBXFileReference; fileEncoding = 4; lastKnownFileType = sourcecode.swift; path = "Artist+CoreDataClass.swift"; sourceTree = "<group>"; };
		180A1A252C56B2D00070C8EE /* Album+CoreDataProperties.swift */ = {isa = PBXFileReference; fileEncoding = 4; lastKnownFileType = sourcecode.swift; path = "Album+CoreDataProperties.swift"; sourceTree = "<group>"; };
		180A1A262C56B2D00070C8EE /* Artist+CoreDataProperties.swift */ = {isa = PBXFileReference; fileEncoding = 4; lastKnownFileType = sourcecode.swift; path = "Artist+CoreDataProperties.swift"; sourceTree = "<group>"; };
		180A1A282C56B2D00070C8EE /* KMeans.swift */ = {isa = PBXFileReference; fileEncoding = 4; lastKnownFileType = sourcecode.swift; path = KMeans.swift; sourceTree = "<group>"; };
		180A1A292C56B2D00070C8EE /* ColorAnalyzer.swift */ = {isa = PBXFileReference; fileEncoding = 4; lastKnownFileType = sourcecode.swift; path = ColorAnalyzer.swift; sourceTree = "<group>"; };
		180A1A2A2C56B2D00070C8EE /* UIColor+hex.swift */ = {isa = PBXFileReference; fileEncoding = 4; lastKnownFileType = sourcecode.swift; path = "UIColor+hex.swift"; sourceTree = "<group>"; };
		180A1A2B2C56B2D00070C8EE /* Vector.swift */ = {isa = PBXFileReference; fileEncoding = 4; lastKnownFileType = sourcecode.swift; path = Vector.swift; sourceTree = "<group>"; };
		180A1A2C2C56B2D00070C8EE /* Palette+CoreDataProperties.swift */ = {isa = PBXFileReference; fileEncoding = 4; lastKnownFileType = sourcecode.swift; path = "Palette+CoreDataProperties.swift"; sourceTree = "<group>"; };
		180A1A2D2C56B2D00070C8EE /* Palette+CoreDataClass.swift */ = {isa = PBXFileReference; fileEncoding = 4; lastKnownFileType = sourcecode.swift; path = "Palette+CoreDataClass.swift"; sourceTree = "<group>"; };
		180A1A302C56B2D00070C8EE /* ConfigAsset.swift */ = {isa = PBXFileReference; fileEncoding = 4; lastKnownFileType = sourcecode.swift; path = ConfigAsset.swift; sourceTree = "<group>"; };
		180A1A312C56B2D00070C8EE /* ConfigCommand.swift */ = {isa = PBXFileReference; fileEncoding = 4; lastKnownFileType = sourcecode.swift; path = ConfigCommand.swift; sourceTree = "<group>"; };
		180A1A322C56B2D00070C8EE /* ConfigCommandCollection.swift */ = {isa = PBXFileReference; fileEncoding = 4; lastKnownFileType = sourcecode.swift; path = ConfigCommandCollection.swift; sourceTree = "<group>"; };
		180A1A332C56B2D00070C8EE /* ConfigPath.swift */ = {isa = PBXFileReference; fileEncoding = 4; lastKnownFileType = sourcecode.swift; path = ConfigPath.swift; sourceTree = "<group>"; };
		180A1A342C56B2D00070C8EE /* ConfigModel.swift */ = {isa = PBXFileReference; fileEncoding = 4; lastKnownFileType = sourcecode.swift; path = ConfigModel.swift; sourceTree = "<group>"; };
		180A1A362C56B2D00070C8EE /* NowPlayableMetadata.swift */ = {isa = PBXFileReference; fileEncoding = 4; lastKnownFileType = sourcecode.swift; path = NowPlayableMetadata.swift; sourceTree = "<group>"; };
		180A1A372C56B2D00070C8EE /* NowPlayable.swift */ = {isa = PBXFileReference; fileEncoding = 4; lastKnownFileType = sourcecode.swift; path = NowPlayable.swift; sourceTree = "<group>"; };
		180A1A382C56B2D00070C8EE /* NowPlayableError.swift */ = {isa = PBXFileReference; fileEncoding = 4; lastKnownFileType = sourcecode.swift; path = NowPlayableError.swift; sourceTree = "<group>"; };
		180A1A392C56B2D00070C8EE /* IOSNowPlayableBehaviour.swift */ = {isa = PBXFileReference; fileEncoding = 4; lastKnownFileType = sourcecode.swift; path = IOSNowPlayableBehaviour.swift; sourceTree = "<group>"; };
		180A1A3A2C56B2D00070C8EE /* NowPlayableCommand.swift */ = {isa = PBXFileReference; fileEncoding = 4; lastKnownFileType = sourcecode.swift; path = NowPlayableCommand.swift; sourceTree = "<group>"; };
		180A1A3F2C56B2D00070C8EE /* CoreDataManager.swift */ = {isa = PBXFileReference; fileEncoding = 4; lastKnownFileType = sourcecode.swift; path = CoreDataManager.swift; sourceTree = "<group>"; };
		180A1A402C56B2D00070C8EE /* LocalFileManager.swift */ = {isa = PBXFileReference; fileEncoding = 4; lastKnownFileType = sourcecode.swift; path = LocalFileManager.swift; sourceTree = "<group>"; };
		180A1A412C56B2D00070C8EE /* Persistence.swift */ = {isa = PBXFileReference; fileEncoding = 4; lastKnownFileType = sourcecode.swift; path = Persistence.swift; sourceTree = "<group>"; };
		180A1A632C56B51B0070C8EE /* Neptunes.xcdatamodel */ = {isa = PBXFileReference; lastKnownFileType = wrapper.xcdatamodel; path = Neptunes.xcdatamodel; sourceTree = "<group>"; };
		181CFB6F2C56BA6800740943 /* PhotoPickerView.swift */ = {isa = PBXFileReference; fileEncoding = 4; lastKnownFileType = sourcecode.swift; path = PhotoPickerView.swift; sourceTree = "<group>"; };
		181CFB712C56BA6800740943 /* ImageCropper.swift */ = {isa = PBXFileReference; fileEncoding = 4; lastKnownFileType = sourcecode.swift; path = ImageCropper.swift; sourceTree = "<group>"; };
		181CFB722C56BA6800740943 /* ImageCropperViewController.swift */ = {isa = PBXFileReference; fileEncoding = 4; lastKnownFileType = sourcecode.swift; path = ImageCropperViewController.swift; sourceTree = "<group>"; };
		181CFB732C56BA6800740943 /* EditorViewModel.swift */ = {isa = PBXFileReference; fileEncoding = 4; lastKnownFileType = sourcecode.swift; path = EditorViewModel.swift; sourceTree = "<group>"; };
		181CFB742C56BA6800740943 /* EditorView.swift */ = {isa = PBXFileReference; fileEncoding = 4; lastKnownFileType = sourcecode.swift; path = EditorView.swift; sourceTree = "<group>"; };
		181CFB762C56BA6800740943 /* MarqueeView.swift */ = {isa = PBXFileReference; fileEncoding = 4; lastKnownFileType = sourcecode.swift; path = MarqueeView.swift; sourceTree = "<group>"; };
		181CFB772C56BA6800740943 /* PlayerViewModel.swift */ = {isa = PBXFileReference; fileEncoding = 4; lastKnownFileType = sourcecode.swift; path = PlayerViewModel.swift; sourceTree = "<group>"; };
		181CFB782C56BA6800740943 /* PlayerView.swift */ = {isa = PBXFileReference; fileEncoding = 4; lastKnownFileType = sourcecode.swift; path = PlayerView.swift; sourceTree = "<group>"; };
		181CFB792C56BA6800740943 /* ScrubberView.swift */ = {isa = PBXFileReference; fileEncoding = 4; lastKnownFileType = sourcecode.swift; path = ScrubberView.swift; sourceTree = "<group>"; };
		181CFB7C2C56BA6800740943 /* AlbumViewModel.swift */ = {isa = PBXFileReference; fileEncoding = 4; lastKnownFileType = sourcecode.swift; path = AlbumViewModel.swift; sourceTree = "<group>"; };
		181CFB7D2C56BA6800740943 /* AlbumView.swift */ = {isa = PBXFileReference; fileEncoding = 4; lastKnownFileType = sourcecode.swift; path = AlbumView.swift; sourceTree = "<group>"; };
		181CFB7F2C56BA6800740943 /* ArtistView.swift */ = {isa = PBXFileReference; fileEncoding = 4; lastKnownFileType = sourcecode.swift; path = ArtistView.swift; sourceTree = "<group>"; };
		181CFB802C56BA6800740943 /* ArtistViewModel.swift */ = {isa = PBXFileReference; fileEncoding = 4; lastKnownFileType = sourcecode.swift; path = ArtistViewModel.swift; sourceTree = "<group>"; };
		181CFB812C56BA6800740943 /* NeptunesView.swift */ = {isa = PBXFileReference; fileEncoding = 4; lastKnownFileType = sourcecode.swift; path = NeptunesView.swift; sourceTree = "<group>"; };
		181CFB832C56BA6800740943 /* DetailedSongView.swift */ = {isa = PBXFileReference; fileEncoding = 4; lastKnownFileType = sourcecode.swift; path = DetailedSongView.swift; sourceTree = "<group>"; };
		181CFB842C56BA6800740943 /* HeaderView.swift */ = {isa = PBXFileReference; fileEncoding = 4; lastKnownFileType = sourcecode.swift; path = HeaderView.swift; sourceTree = "<group>"; };
		181CFB852C56BA6800740943 /* SongView.swift */ = {isa = PBXFileReference; fileEncoding = 4; lastKnownFileType = sourcecode.swift; path = SongView.swift; sourceTree = "<group>"; };
		181CFB862C56BA6800740943 /* SongListView.swift */ = {isa = PBXFileReference; fileEncoding = 4; lastKnownFileType = sourcecode.swift; path = SongListView.swift; sourceTree = "<group>"; };
		181CFB872C56BA6800740943 /* ArtworkView.swift */ = {isa = PBXFileReference; fileEncoding = 4; lastKnownFileType = sourcecode.swift; path = ArtworkView.swift; sourceTree = "<group>"; };
		181CFB9E2C56EBBB00740943 /* HomeView.swift */ = {isa = PBXFileReference; lastKnownFileType = sourcecode.swift; path = HomeView.swift; sourceTree = "<group>"; };
		182F6A702C580D93000D83D6 /* Queue.swift */ = {isa = PBXFileReference; fileEncoding = 4; lastKnownFileType = sourcecode.swift; path = Queue.swift; sourceTree = "<group>"; };
		182F6A712C580D93000D83D6 /* NowPlaying.swift */ = {isa = PBXFileReference; fileEncoding = 4; lastKnownFileType = sourcecode.swift; path = NowPlaying.swift; sourceTree = "<group>"; };
		18769BF02C53070E0080C8A9 /* song3.mp3 */ = {isa = PBXFileReference; lastKnownFileType = audio.mp3; path = song3.mp3; sourceTree = "<group>"; };
		18769BF12C53070E0080C8A9 /* song5.mp3 */ = {isa = PBXFileReference; lastKnownFileType = audio.mp3; path = song5.mp3; sourceTree = "<group>"; };
		18769BF22C53070E0080C8A9 /* song2.mp3 */ = {isa = PBXFileReference; lastKnownFileType = audio.mp3; path = song2.mp3; sourceTree = "<group>"; };
		18769BF32C53070E0080C8A9 /* song4.mp3 */ = {isa = PBXFileReference; lastKnownFileType = audio.mp3; path = song4.mp3; sourceTree = "<group>"; };
		18769BF42C53070E0080C8A9 /* song1.mp3 */ = {isa = PBXFileReference; lastKnownFileType = audio.mp3; path = song1.mp3; sourceTree = "<group>"; };
		187D4BCE2C50141700FD8B25 /* Neptunes.app */ = {isa = PBXFileReference; explicitFileType = wrapper.application; includeInIndex = 0; path = Neptunes.app; sourceTree = BUILT_PRODUCTS_DIR; };
		187D4BD12C50141700FD8B25 /* NeptunesApp.swift */ = {isa = PBXFileReference; lastKnownFileType = sourcecode.swift; path = NeptunesApp.swift; sourceTree = "<group>"; };
		187D4BD32C50141700FD8B25 /* ContentView.swift */ = {isa = PBXFileReference; lastKnownFileType = sourcecode.swift; path = ContentView.swift; sourceTree = "<group>"; };
		187D4BD52C50141900FD8B25 /* Assets.xcassets */ = {isa = PBXFileReference; lastKnownFileType = folder.assetcatalog; path = Assets.xcassets; sourceTree = "<group>"; };
		187D4BD82C50141900FD8B25 /* Preview Assets.xcassets */ = {isa = PBXFileReference; lastKnownFileType = folder.assetcatalog; path = "Preview Assets.xcassets"; sourceTree = "<group>"; };
		187D4BE32C50141900FD8B25 /* NeptunesTests.xctest */ = {isa = PBXFileReference; explicitFileType = wrapper.cfbundle; includeInIndex = 0; path = NeptunesTests.xctest; sourceTree = BUILT_PRODUCTS_DIR; };
		187D4BE72C50141900FD8B25 /* NeptunesTests.swift */ = {isa = PBXFileReference; lastKnownFileType = sourcecode.swift; path = NeptunesTests.swift; sourceTree = "<group>"; };
		187D4C0B2C5017A900FD8B25 /* Player.swift */ = {isa = PBXFileReference; fileEncoding = 4; lastKnownFileType = sourcecode.swift; path = Player.swift; sourceTree = "<group>"; };
		1890C1882C52C93E005CBCA3 /* PlayerTests.swift */ = {isa = PBXFileReference; lastKnownFileType = sourcecode.swift; path = PlayerTests.swift; sourceTree = "<group>"; };
		18D305DD2C6264C200EB8A02 /* Song+CoreDataProperties.swift */ = {isa = PBXFileReference; lastKnownFileType = sourcecode.swift; path = "Song+CoreDataProperties.swift"; sourceTree = "<group>"; };
		18D39E422C5D5442005ABE21 /* Info.plist */ = {isa = PBXFileReference; lastKnownFileType = text.plist; path = Info.plist; sourceTree = "<group>"; };
		18D39E432C5D69ED005ABE21 /* PreviewPlayerView.swift */ = {isa = PBXFileReference; lastKnownFileType = sourcecode.swift; path = PreviewPlayerView.swift; sourceTree = "<group>"; };
		18D39E452C5D6A18005ABE21 /* PreviewPlayerViewModel.swift */ = {isa = PBXFileReference; lastKnownFileType = sourcecode.swift; path = PreviewPlayerViewModel.swift; sourceTree = "<group>"; };
		18D8B6CC2C501ABE00AC94CF /* song2.mp3 */ = {isa = PBXFileReference; lastKnownFileType = audio.mp3; path = song2.mp3; sourceTree = "<group>"; };
		18D8B6CD2C501ABE00AC94CF /* song5.mp3 */ = {isa = PBXFileReference; lastKnownFileType = audio.mp3; path = song5.mp3; sourceTree = "<group>"; };
		18D8B6CE2C501ABE00AC94CF /* song3.mp3 */ = {isa = PBXFileReference; lastKnownFileType = audio.mp3; path = song3.mp3; sourceTree = "<group>"; };
		18D8B6CF2C501ABE00AC94CF /* song4.mp3 */ = {isa = PBXFileReference; lastKnownFileType = audio.mp3; path = song4.mp3; sourceTree = "<group>"; };
		18D8B6D02C501ABE00AC94CF /* song1.mp3 */ = {isa = PBXFileReference; lastKnownFileType = audio.mp3; path = song1.mp3; sourceTree = "<group>"; };
		18D8B6D82C502A7300AC94CF /* UpcomingSongsView.swift */ = {isa = PBXFileReference; lastKnownFileType = sourcecode.swift; path = UpcomingSongsView.swift; sourceTree = "<group>"; };
		18D8B6DA2C50356E00AC94CF /* UpcomingSongsViewModel.swift */ = {isa = PBXFileReference; lastKnownFileType = sourcecode.swift; path = UpcomingSongsViewModel.swift; sourceTree = "<group>"; };
/* End PBXFileReference section */

/* Begin PBXFrameworksBuildPhase section */
		187D4BCB2C50141700FD8B25 /* Frameworks */ = {
			isa = PBXFrameworksBuildPhase;
			buildActionMask = 2147483647;
			files = (
				1880B6F82C5F361B00B40E64 /* Shiny in Frameworks */,
				181CFB9D2C56BB9500740943 /* Mantis in Frameworks */,
				181CFB6C2C56B70300740943 /* SwiftImage in Frameworks */,
			);
			runOnlyForDeploymentPostprocessing = 0;
		};
		187D4BE02C50141900FD8B25 /* Frameworks */ = {
			isa = PBXFrameworksBuildPhase;
			buildActionMask = 2147483647;
			files = (
			);
			runOnlyForDeploymentPostprocessing = 0;
		};
/* End PBXFrameworksBuildPhase section */

/* Begin PBXGroup section */
		180A1A1E2C56B2D00070C8EE /* Models */ = {
			isa = PBXGroup;
			children = (
				180A1A1F2C56B2D00070C8EE /* Music */,
				180A1A272C56B2D00070C8EE /* Color */,
				180A1A2E2C56B2D00070C8EE /* Playback */,
				180A1A3E2C56B2D00070C8EE /* Data */,
			);
			path = Models;
			sourceTree = "<group>";
		};
		180A1A1F2C56B2D00070C8EE /* Music */ = {
			isa = PBXGroup;
			children = (
				180A1A202C56B2D00070C8EE /* Metadata.swift */,
				180A1A222C56B2D00070C8EE /* Song+CoreDataClass.swift */,
				18D305DD2C6264C200EB8A02 /* Song+CoreDataProperties.swift */,
				180A1A242C56B2D00070C8EE /* Artist+CoreDataClass.swift */,
				180A1A262C56B2D00070C8EE /* Artist+CoreDataProperties.swift */,
				180A1A212C56B2D00070C8EE /* Album+CoreDataClass.swift */,
				180A1A252C56B2D00070C8EE /* Album+CoreDataProperties.swift */,
			);
			path = Music;
			sourceTree = "<group>";
		};
		180A1A272C56B2D00070C8EE /* Color */ = {
			isa = PBXGroup;
			children = (
				180A1A282C56B2D00070C8EE /* KMeans.swift */,
				180A1A292C56B2D00070C8EE /* ColorAnalyzer.swift */,
				180A1A2A2C56B2D00070C8EE /* UIColor+hex.swift */,
				180A1A2B2C56B2D00070C8EE /* Vector.swift */,
				180A1A2C2C56B2D00070C8EE /* Palette+CoreDataProperties.swift */,
				180A1A2D2C56B2D00070C8EE /* Palette+CoreDataClass.swift */,
			);
			path = Color;
			sourceTree = "<group>";
		};
		180A1A2E2C56B2D00070C8EE /* Playback */ = {
			isa = PBXGroup;
			children = (
				182F6A712C580D93000D83D6 /* NowPlaying.swift */,
				182F6A702C580D93000D83D6 /* Queue.swift */,
				187D4C0B2C5017A900FD8B25 /* Player.swift */,
				180A1A352C56B2D00070C8EE /* NowPlayable */,
				180A1A2F2C56B2D00070C8EE /* Configuration */,
			);
			path = Playback;
			sourceTree = "<group>";
		};
		180A1A2F2C56B2D00070C8EE /* Configuration */ = {
			isa = PBXGroup;
			children = (
				180A1A302C56B2D00070C8EE /* ConfigAsset.swift */,
				180A1A312C56B2D00070C8EE /* ConfigCommand.swift */,
				180A1A322C56B2D00070C8EE /* ConfigCommandCollection.swift */,
				180A1A332C56B2D00070C8EE /* ConfigPath.swift */,
				180A1A342C56B2D00070C8EE /* ConfigModel.swift */,
			);
			path = Configuration;
			sourceTree = "<group>";
		};
		180A1A352C56B2D00070C8EE /* NowPlayable */ = {
			isa = PBXGroup;
			children = (
				180A1A362C56B2D00070C8EE /* NowPlayableMetadata.swift */,
				180A1A372C56B2D00070C8EE /* NowPlayable.swift */,
				180A1A382C56B2D00070C8EE /* NowPlayableError.swift */,
				180A1A392C56B2D00070C8EE /* IOSNowPlayableBehaviour.swift */,
				180A1A3A2C56B2D00070C8EE /* NowPlayableCommand.swift */,
			);
			path = NowPlayable;
			sourceTree = "<group>";
		};
		180A1A3E2C56B2D00070C8EE /* Data */ = {
			isa = PBXGroup;
			children = (
				180A1A3F2C56B2D00070C8EE /* CoreDataManager.swift */,
				180A1A402C56B2D00070C8EE /* LocalFileManager.swift */,
				180A1A412C56B2D00070C8EE /* Persistence.swift */,
			);
			path = Data;
			sourceTree = "<group>";
		};
		181CFB6D2C56BA6800740943 /* EditorView */ = {
			isa = PBXGroup;
			children = (
				181CFB6E2C56BA6800740943 /* PhotoPickerView */,
				181CFB732C56BA6800740943 /* EditorViewModel.swift */,
				181CFB742C56BA6800740943 /* EditorView.swift */,
				18D39E432C5D69ED005ABE21 /* PreviewPlayerView.swift */,
				18D39E452C5D6A18005ABE21 /* PreviewPlayerViewModel.swift */,
			);
			path = EditorView;
			sourceTree = "<group>";
		};
		181CFB6E2C56BA6800740943 /* PhotoPickerView */ = {
			isa = PBXGroup;
			children = (
				181CFB702C56BA6800740943 /* ImageCropper */,
				181CFB6F2C56BA6800740943 /* PhotoPickerView.swift */,
			);
			path = PhotoPickerView;
			sourceTree = "<group>";
		};
		181CFB702C56BA6800740943 /* ImageCropper */ = {
			isa = PBXGroup;
			children = (
				181CFB712C56BA6800740943 /* ImageCropper.swift */,
				181CFB722C56BA6800740943 /* ImageCropperViewController.swift */,
			);
			path = ImageCropper;
			sourceTree = "<group>";
		};
		181CFB752C56BA6800740943 /* PlayerView */ = {
			isa = PBXGroup;
			children = (
				181CFB762C56BA6800740943 /* MarqueeView.swift */,
				181CFB772C56BA6800740943 /* PlayerViewModel.swift */,
				181CFB782C56BA6800740943 /* PlayerView.swift */,
				181CFB792C56BA6800740943 /* ScrubberView.swift */,
			);
			path = PlayerView;
			sourceTree = "<group>";
		};
		181CFB7A2C56BA6800740943 /* NeptunesView */ = {
			isa = PBXGroup;
			children = (
				181CFB7B2C56BA6800740943 /* AlbumView */,
				181CFB7E2C56BA6800740943 /* ArtistView */,
				181CFB812C56BA6800740943 /* NeptunesView.swift */,
				181CFB822C56BA6800740943 /* Utilities */,
			);
			path = NeptunesView;
			sourceTree = "<group>";
		};
		181CFB7B2C56BA6800740943 /* AlbumView */ = {
			isa = PBXGroup;
			children = (
				181CFB7C2C56BA6800740943 /* AlbumViewModel.swift */,
				181CFB7D2C56BA6800740943 /* AlbumView.swift */,
			);
			path = AlbumView;
			sourceTree = "<group>";
		};
		181CFB7E2C56BA6800740943 /* ArtistView */ = {
			isa = PBXGroup;
			children = (
				181CFB7F2C56BA6800740943 /* ArtistView.swift */,
				181CFB802C56BA6800740943 /* ArtistViewModel.swift */,
			);
			path = ArtistView;
			sourceTree = "<group>";
		};
		181CFB822C56BA6800740943 /* Utilities */ = {
			isa = PBXGroup;
			children = (
				181CFB832C56BA6800740943 /* DetailedSongView.swift */,
				181CFB842C56BA6800740943 /* HeaderView.swift */,
				181CFB852C56BA6800740943 /* SongView.swift */,
				181CFB862C56BA6800740943 /* SongListView.swift */,
				181CFB872C56BA6800740943 /* ArtworkView.swift */,
			);
			path = Utilities;
			sourceTree = "<group>";
		};
		18769BEF2C5306CA0080C8A9 /* songs */ = {
			isa = PBXGroup;
			children = (
				18769BF42C53070E0080C8A9 /* song1.mp3 */,
				18769BF22C53070E0080C8A9 /* song2.mp3 */,
				18769BF02C53070E0080C8A9 /* song3.mp3 */,
				18769BF32C53070E0080C8A9 /* song4.mp3 */,
				18769BF12C53070E0080C8A9 /* song5.mp3 */,
			);
			path = songs;
			sourceTree = "<group>";
		};
		18769BFA2C530C4B0080C8A9 /* songs */ = {
			isa = PBXGroup;
			children = (
				18D8B6D02C501ABE00AC94CF /* song1.mp3 */,
				18D8B6CC2C501ABE00AC94CF /* song2.mp3 */,
				18D8B6CE2C501ABE00AC94CF /* song3.mp3 */,
				18D8B6CF2C501ABE00AC94CF /* song4.mp3 */,
				18D8B6CD2C501ABE00AC94CF /* song5.mp3 */,
			);
			path = songs;
			sourceTree = "<group>";
		};
		187D4BC52C50141700FD8B25 = {
			isa = PBXGroup;
			children = (
				187D4BD02C50141700FD8B25 /* Neptunes */,
				187D4BE62C50141900FD8B25 /* NeptunesTests */,
				187D4BCF2C50141700FD8B25 /* Products */,
			);
			sourceTree = "<group>";
		};
		187D4BCF2C50141700FD8B25 /* Products */ = {
			isa = PBXGroup;
			children = (
				187D4BCE2C50141700FD8B25 /* Neptunes.app */,
				187D4BE32C50141900FD8B25 /* NeptunesTests.xctest */,
			);
			name = Products;
			sourceTree = "<group>";
		};
		187D4BD02C50141700FD8B25 /* Neptunes */ = {
			isa = PBXGroup;
			children = (
				18D39E422C5D5442005ABE21 /* Info.plist */,
				180A1A622C56B51B0070C8EE /* Neptunes.xcdatamodeld */,
				187D4BD52C50141900FD8B25 /* Assets.xcassets */,
				187D4BD72C50141900FD8B25 /* Preview Content */,
				181CFB6D2C56BA6800740943 /* EditorView */,
				181CFB7A2C56BA6800740943 /* NeptunesView */,
				181CFB752C56BA6800740943 /* PlayerView */,
				180A1A1E2C56B2D00070C8EE /* Models */,
				187D4BD12C50141700FD8B25 /* NeptunesApp.swift */,
				187D4BD32C50141700FD8B25 /* ContentView.swift */,
				18D8B6D82C502A7300AC94CF /* UpcomingSongsView.swift */,
				18D8B6DA2C50356E00AC94CF /* UpcomingSongsViewModel.swift */,
				181CFB9E2C56EBBB00740943 /* HomeView.swift */,
				18769BFA2C530C4B0080C8A9 /* songs */,
			);
			path = Neptunes;
			sourceTree = "<group>";
		};
		187D4BD72C50141900FD8B25 /* Preview Content */ = {
			isa = PBXGroup;
			children = (
				187D4BD82C50141900FD8B25 /* Preview Assets.xcassets */,
			);
			path = "Preview Content";
			sourceTree = "<group>";
		};
		187D4BE62C50141900FD8B25 /* NeptunesTests */ = {
			isa = PBXGroup;
			children = (
				18769BEF2C5306CA0080C8A9 /* songs */,
				187D4BE72C50141900FD8B25 /* NeptunesTests.swift */,
				1890C1882C52C93E005CBCA3 /* PlayerTests.swift */,
			);
			path = NeptunesTests;
			sourceTree = "<group>";
		};
/* End PBXGroup section */

/* Begin PBXNativeTarget section */
		187D4BCD2C50141700FD8B25 /* Neptunes */ = {
			isa = PBXNativeTarget;
			buildConfigurationList = 187D4BF72C50141900FD8B25 /* Build configuration list for PBXNativeTarget "Neptunes" */;
			buildPhases = (
				187D4BCA2C50141700FD8B25 /* Sources */,
				187D4BCB2C50141700FD8B25 /* Frameworks */,
				187D4BCC2C50141700FD8B25 /* Resources */,
			);
			buildRules = (
			);
			dependencies = (
			);
			name = Neptunes;
			packageProductDependencies = (
				181CFB6B2C56B70300740943 /* SwiftImage */,
				181CFB9C2C56BB9500740943 /* Mantis */,
				1880B6F72C5F361B00B40E64 /* Shiny */,
			);
			productName = Neptunes;
			productReference = 187D4BCE2C50141700FD8B25 /* Neptunes.app */;
			productType = "com.apple.product-type.application";
		};
		187D4BE22C50141900FD8B25 /* NeptunesTests */ = {
			isa = PBXNativeTarget;
			buildConfigurationList = 187D4BFA2C50141900FD8B25 /* Build configuration list for PBXNativeTarget "NeptunesTests" */;
			buildPhases = (
				187D4BDF2C50141900FD8B25 /* Sources */,
				187D4BE02C50141900FD8B25 /* Frameworks */,
				187D4BE12C50141900FD8B25 /* Resources */,
			);
			buildRules = (
			);
			dependencies = (
				187D4BE52C50141900FD8B25 /* PBXTargetDependency */,
			);
			name = NeptunesTests;
			productName = NeptunesTests;
			productReference = 187D4BE32C50141900FD8B25 /* NeptunesTests.xctest */;
			productType = "com.apple.product-type.bundle.unit-test";
		};
/* End PBXNativeTarget section */

/* Begin PBXProject section */
		187D4BC62C50141700FD8B25 /* Project object */ = {
			isa = PBXProject;
			attributes = {
				BuildIndependentTargetsInParallel = 1;
				LastSwiftUpdateCheck = 1430;
				LastUpgradeCheck = 1430;
				TargetAttributes = {
					187D4BCD2C50141700FD8B25 = {
						CreatedOnToolsVersion = 14.3.1;
					};
					187D4BE22C50141900FD8B25 = {
						CreatedOnToolsVersion = 14.3.1;
						TestTargetID = 187D4BCD2C50141700FD8B25;
					};
				};
			};
			buildConfigurationList = 187D4BC92C50141700FD8B25 /* Build configuration list for PBXProject "Neptunes" */;
			compatibilityVersion = "Xcode 14.0";
			developmentRegion = en;
			hasScannedForEncodings = 0;
			knownRegions = (
				en,
				Base,
			);
			mainGroup = 187D4BC52C50141700FD8B25;
			packageReferences = (
				181CFB6A2C56B70300740943 /* XCRemoteSwiftPackageReference "swift-image" */,
				181CFB9B2C56BB9500740943 /* XCRemoteSwiftPackageReference "Mantis" */,
				1880B6F62C5F361B00B40E64 /* XCRemoteSwiftPackageReference "shiny" */,
			);
			productRefGroup = 187D4BCF2C50141700FD8B25 /* Products */;
			projectDirPath = "";
			projectRoot = "";
			targets = (
				187D4BCD2C50141700FD8B25 /* Neptunes */,
				187D4BE22C50141900FD8B25 /* NeptunesTests */,
			);
		};
/* End PBXProject section */

/* Begin PBXResourcesBuildPhase section */
		187D4BCC2C50141700FD8B25 /* Resources */ = {
			isa = PBXResourcesBuildPhase;
			buildActionMask = 2147483647;
			files = (
				18D8B6D52C501ABE00AC94CF /* song1.mp3 in Resources */,
				187D4BD92C50141900FD8B25 /* Preview Assets.xcassets in Resources */,
				18D8B6D12C501ABE00AC94CF /* song2.mp3 in Resources */,
				18D8B6D32C501ABE00AC94CF /* song3.mp3 in Resources */,
				187D4BD62C50141900FD8B25 /* Assets.xcassets in Resources */,
				18D8B6D42C501ABE00AC94CF /* song4.mp3 in Resources */,
				18D8B6D22C501ABE00AC94CF /* song5.mp3 in Resources */,
			);
			runOnlyForDeploymentPostprocessing = 0;
		};
		187D4BE12C50141900FD8B25 /* Resources */ = {
			isa = PBXResourcesBuildPhase;
			buildActionMask = 2147483647;
			files = (
				18769BF52C53070E0080C8A9 /* song3.mp3 in Resources */,
				18769BF92C53070E0080C8A9 /* song1.mp3 in Resources */,
				18769BF72C53070E0080C8A9 /* song2.mp3 in Resources */,
				18769BF82C53070E0080C8A9 /* song4.mp3 in Resources */,
				18769BF62C53070E0080C8A9 /* song5.mp3 in Resources */,
			);
			runOnlyForDeploymentPostprocessing = 0;
		};
/* End PBXResourcesBuildPhase section */

/* Begin PBXSourcesBuildPhase section */
		187D4BCA2C50141700FD8B25 /* Sources */ = {
			isa = PBXSourcesBuildPhase;
			buildActionMask = 2147483647;
			files = (
				180A1A5A2C56B2D00070C8EE /* NowPlayableCommand.swift in Sources */,
				180A1A592C56B2D00070C8EE /* IOSNowPlayableBehaviour.swift in Sources */,
				180A1A552C56B2D00070C8EE /* ConfigModel.swift in Sources */,
				18D8B6D92C502A7300AC94CF /* UpcomingSongsView.swift in Sources */,
				180A1A4C2C56B2D00070C8EE /* ColorAnalyzer.swift in Sources */,
				180A1A602C56B2D00070C8EE /* Persistence.swift in Sources */,
				181CFB8D2C56BA6800740943 /* MarqueeView.swift in Sources */,
				180A1A642C56B51B0070C8EE /* Neptunes.xcdatamodeld in Sources */,
				181CFB902C56BA6800740943 /* ScrubberView.swift in Sources */,
				180A1A4F2C56B2D00070C8EE /* Palette+CoreDataProperties.swift in Sources */,
				181CFB912C56BA6800740943 /* AlbumViewModel.swift in Sources */,
				180A1A4D2C56B2D00070C8EE /* UIColor+hex.swift in Sources */,
				180A1A572C56B2D00070C8EE /* NowPlayable.swift in Sources */,
				181CFB942C56BA6900740943 /* ArtistViewModel.swift in Sources */,
				181CFB962C56BA6900740943 /* DetailedSongView.swift in Sources */,
				180A1A522C56B2D00070C8EE /* ConfigCommand.swift in Sources */,
				18D8B6DB2C50356E00AC94CF /* UpcomingSongsViewModel.swift in Sources */,
				181CFB992C56BA6900740943 /* SongListView.swift in Sources */,
				181CFB972C56BA6900740943 /* HeaderView.swift in Sources */,
				180A1A492C56B2D00070C8EE /* Album+CoreDataProperties.swift in Sources */,
				187D4BD42C50141700FD8B25 /* ContentView.swift in Sources */,
				180A1A4A2C56B2D00070C8EE /* Artist+CoreDataProperties.swift in Sources */,
				180A1A452C56B2D00070C8EE /* Album+CoreDataClass.swift in Sources */,
				181CFB8F2C56BA6800740943 /* PlayerView.swift in Sources */,
				18D39E442C5D69ED005ABE21 /* PreviewPlayerView.swift in Sources */,
				182F6A722C580D93000D83D6 /* Queue.swift in Sources */,
				180A1A542C56B2D00070C8EE /* ConfigPath.swift in Sources */,
				180A1A502C56B2D00070C8EE /* Palette+CoreDataClass.swift in Sources */,
				181CFB9F2C56EBBB00740943 /* HomeView.swift in Sources */,
				187D4BD22C50141700FD8B25 /* NeptunesApp.swift in Sources */,
				181CFB952C56BA6900740943 /* NeptunesView.swift in Sources */,
				181CFB8B2C56BA6800740943 /* EditorViewModel.swift in Sources */,
				180A1A532C56B2D00070C8EE /* ConfigCommandCollection.swift in Sources */,
				180A1A462C56B2D00070C8EE /* Song+CoreDataClass.swift in Sources */,
				18D39E462C5D6A18005ABE21 /* PreviewPlayerViewModel.swift in Sources */,
				181CFB8A2C56BA6800740943 /* ImageCropperViewController.swift in Sources */,
				187D4C112C5017A900FD8B25 /* Player.swift in Sources */,
				181CFB9A2C56BA6900740943 /* ArtworkView.swift in Sources */,
				180A1A582C56B2D00070C8EE /* NowPlayableError.swift in Sources */,
				180A1A5F2C56B2D00070C8EE /* LocalFileManager.swift in Sources */,
				180A1A512C56B2D00070C8EE /* ConfigAsset.swift in Sources */,
				181CFB8C2C56BA6800740943 /* EditorView.swift in Sources */,
				180A1A482C56B2D00070C8EE /* Artist+CoreDataClass.swift in Sources */,
				180A1A4B2C56B2D00070C8EE /* KMeans.swift in Sources */,
				181CFB932C56BA6900740943 /* ArtistView.swift in Sources */,
				181CFB922C56BA6800740943 /* AlbumView.swift in Sources */,
				180A1A562C56B2D00070C8EE /* NowPlayableMetadata.swift in Sources */,
				181CFB8E2C56BA6800740943 /* PlayerViewModel.swift in Sources */,
				180A1A442C56B2D00070C8EE /* Metadata.swift in Sources */,
				181CFB982C56BA6900740943 /* SongView.swift in Sources */,
				180A1A5E2C56B2D00070C8EE /* CoreDataManager.swift in Sources */,
				182F6A732C580D93000D83D6 /* NowPlaying.swift in Sources */,
				181CFB892C56BA6800740943 /* ImageCropper.swift in Sources */,
				180A1A4E2C56B2D00070C8EE /* Vector.swift in Sources */,
				18D305DF2C6264C200EB8A02 /* Song+CoreDataProperties.swift in Sources */,
				181CFB882C56BA6800740943 /* PhotoPickerView.swift in Sources */,
			);
			runOnlyForDeploymentPostprocessing = 0;
		};
		187D4BDF2C50141900FD8B25 /* Sources */ = {
			isa = PBXSourcesBuildPhase;
			buildActionMask = 2147483647;
			files = (
				1890C1892C52C93E005CBCA3 /* PlayerTests.swift in Sources */,
				187D4BE82C50141900FD8B25 /* NeptunesTests.swift in Sources */,
			);
			runOnlyForDeploymentPostprocessing = 0;
		};
/* End PBXSourcesBuildPhase section */

/* Begin PBXTargetDependency section */
		187D4BE52C50141900FD8B25 /* PBXTargetDependency */ = {
			isa = PBXTargetDependency;
			target = 187D4BCD2C50141700FD8B25 /* Neptunes */;
			targetProxy = 187D4BE42C50141900FD8B25 /* PBXContainerItemProxy */;
		};
/* End PBXTargetDependency section */

/* Begin XCBuildConfiguration section */
		187D4BF52C50141900FD8B25 /* Debug */ = {
			isa = XCBuildConfiguration;
			buildSettings = {
				ALWAYS_SEARCH_USER_PATHS = NO;
				CLANG_ANALYZER_NONNULL = YES;
				CLANG_ANALYZER_NUMBER_OBJECT_CONVERSION = YES_AGGRESSIVE;
				CLANG_CXX_LANGUAGE_STANDARD = "gnu++20";
				CLANG_ENABLE_MODULES = YES;
				CLANG_ENABLE_OBJC_ARC = YES;
				CLANG_ENABLE_OBJC_WEAK = YES;
				CLANG_WARN_BLOCK_CAPTURE_AUTORELEASING = YES;
				CLANG_WARN_BOOL_CONVERSION = YES;
				CLANG_WARN_COMMA = YES;
				CLANG_WARN_CONSTANT_CONVERSION = YES;
				CLANG_WARN_DEPRECATED_OBJC_IMPLEMENTATIONS = YES;
				CLANG_WARN_DIRECT_OBJC_ISA_USAGE = YES_ERROR;
				CLANG_WARN_DOCUMENTATION_COMMENTS = YES;
				CLANG_WARN_EMPTY_BODY = YES;
				CLANG_WARN_ENUM_CONVERSION = YES;
				CLANG_WARN_INFINITE_RECURSION = YES;
				CLANG_WARN_INT_CONVERSION = YES;
				CLANG_WARN_NON_LITERAL_NULL_CONVERSION = YES;
				CLANG_WARN_OBJC_IMPLICIT_RETAIN_SELF = YES;
				CLANG_WARN_OBJC_LITERAL_CONVERSION = YES;
				CLANG_WARN_OBJC_ROOT_CLASS = YES_ERROR;
				CLANG_WARN_QUOTED_INCLUDE_IN_FRAMEWORK_HEADER = YES;
				CLANG_WARN_RANGE_LOOP_ANALYSIS = YES;
				CLANG_WARN_STRICT_PROTOTYPES = YES;
				CLANG_WARN_SUSPICIOUS_MOVE = YES;
				CLANG_WARN_UNGUARDED_AVAILABILITY = YES_AGGRESSIVE;
				CLANG_WARN_UNREACHABLE_CODE = YES;
				CLANG_WARN__DUPLICATE_METHOD_MATCH = YES;
				COPY_PHASE_STRIP = NO;
				DEBUG_INFORMATION_FORMAT = dwarf;
				ENABLE_STRICT_OBJC_MSGSEND = YES;
				ENABLE_TESTABILITY = YES;
				GCC_C_LANGUAGE_STANDARD = gnu11;
				GCC_DYNAMIC_NO_PIC = NO;
				GCC_NO_COMMON_BLOCKS = YES;
				GCC_OPTIMIZATION_LEVEL = 0;
				GCC_PREPROCESSOR_DEFINITIONS = (
					"DEBUG=1",
					"$(inherited)",
				);
				GCC_WARN_64_TO_32_BIT_CONVERSION = YES;
				GCC_WARN_ABOUT_RETURN_TYPE = YES_ERROR;
				GCC_WARN_UNDECLARED_SELECTOR = YES;
				GCC_WARN_UNINITIALIZED_AUTOS = YES_AGGRESSIVE;
				GCC_WARN_UNUSED_FUNCTION = YES;
				GCC_WARN_UNUSED_VARIABLE = YES;
				IPHONEOS_DEPLOYMENT_TARGET = 16.4;
				MTL_ENABLE_DEBUG_INFO = INCLUDE_SOURCE;
				MTL_FAST_MATH = YES;
				ONLY_ACTIVE_ARCH = YES;
				SDKROOT = iphoneos;
				SWIFT_ACTIVE_COMPILATION_CONDITIONS = DEBUG;
				SWIFT_OPTIMIZATION_LEVEL = "-Onone";
			};
			name = Debug;
		};
		187D4BF62C50141900FD8B25 /* Release */ = {
			isa = XCBuildConfiguration;
			buildSettings = {
				ALWAYS_SEARCH_USER_PATHS = NO;
				CLANG_ANALYZER_NONNULL = YES;
				CLANG_ANALYZER_NUMBER_OBJECT_CONVERSION = YES_AGGRESSIVE;
				CLANG_CXX_LANGUAGE_STANDARD = "gnu++20";
				CLANG_ENABLE_MODULES = YES;
				CLANG_ENABLE_OBJC_ARC = YES;
				CLANG_ENABLE_OBJC_WEAK = YES;
				CLANG_WARN_BLOCK_CAPTURE_AUTORELEASING = YES;
				CLANG_WARN_BOOL_CONVERSION = YES;
				CLANG_WARN_COMMA = YES;
				CLANG_WARN_CONSTANT_CONVERSION = YES;
				CLANG_WARN_DEPRECATED_OBJC_IMPLEMENTATIONS = YES;
				CLANG_WARN_DIRECT_OBJC_ISA_USAGE = YES_ERROR;
				CLANG_WARN_DOCUMENTATION_COMMENTS = YES;
				CLANG_WARN_EMPTY_BODY = YES;
				CLANG_WARN_ENUM_CONVERSION = YES;
				CLANG_WARN_INFINITE_RECURSION = YES;
				CLANG_WARN_INT_CONVERSION = YES;
				CLANG_WARN_NON_LITERAL_NULL_CONVERSION = YES;
				CLANG_WARN_OBJC_IMPLICIT_RETAIN_SELF = YES;
				CLANG_WARN_OBJC_LITERAL_CONVERSION = YES;
				CLANG_WARN_OBJC_ROOT_CLASS = YES_ERROR;
				CLANG_WARN_QUOTED_INCLUDE_IN_FRAMEWORK_HEADER = YES;
				CLANG_WARN_RANGE_LOOP_ANALYSIS = YES;
				CLANG_WARN_STRICT_PROTOTYPES = YES;
				CLANG_WARN_SUSPICIOUS_MOVE = YES;
				CLANG_WARN_UNGUARDED_AVAILABILITY = YES_AGGRESSIVE;
				CLANG_WARN_UNREACHABLE_CODE = YES;
				CLANG_WARN__DUPLICATE_METHOD_MATCH = YES;
				COPY_PHASE_STRIP = NO;
				DEBUG_INFORMATION_FORMAT = "dwarf-with-dsym";
				ENABLE_NS_ASSERTIONS = NO;
				ENABLE_STRICT_OBJC_MSGSEND = YES;
				GCC_C_LANGUAGE_STANDARD = gnu11;
				GCC_NO_COMMON_BLOCKS = YES;
				GCC_WARN_64_TO_32_BIT_CONVERSION = YES;
				GCC_WARN_ABOUT_RETURN_TYPE = YES_ERROR;
				GCC_WARN_UNDECLARED_SELECTOR = YES;
				GCC_WARN_UNINITIALIZED_AUTOS = YES_AGGRESSIVE;
				GCC_WARN_UNUSED_FUNCTION = YES;
				GCC_WARN_UNUSED_VARIABLE = YES;
				IPHONEOS_DEPLOYMENT_TARGET = 16.4;
				MTL_ENABLE_DEBUG_INFO = NO;
				MTL_FAST_MATH = YES;
				SDKROOT = iphoneos;
				SWIFT_COMPILATION_MODE = wholemodule;
				SWIFT_OPTIMIZATION_LEVEL = "-O";
				VALIDATE_PRODUCT = YES;
			};
			name = Release;
		};
		187D4BF82C50141900FD8B25 /* Debug */ = {
			isa = XCBuildConfiguration;
			buildSettings = {
				ASSETCATALOG_COMPILER_APPICON_NAME = AppIcon;
				ASSETCATALOG_COMPILER_GLOBAL_ACCENT_COLOR_NAME = AccentColor;
				CODE_SIGN_STYLE = Automatic;
				CURRENT_PROJECT_VERSION = 1;
				DEVELOPMENT_ASSET_PATHS = "\"Neptunes/Preview Content\"";
				DEVELOPMENT_TEAM = 75AGNXCF5M;
				ENABLE_PREVIEWS = YES;
				GENERATE_INFOPLIST_FILE = YES;
				INFOPLIST_FILE = Neptunes/Info.plist;
				INFOPLIST_KEY_UIApplicationSceneManifest_Generation = YES;
				INFOPLIST_KEY_UIApplicationSupportsIndirectInputEvents = YES;
				INFOPLIST_KEY_UILaunchScreen_Generation = YES;
				INFOPLIST_KEY_UISupportedInterfaceOrientations_iPad = "UIInterfaceOrientationPortrait UIInterfaceOrientationPortraitUpsideDown";
				INFOPLIST_KEY_UISupportedInterfaceOrientations_iPhone = UIInterfaceOrientationPortrait;
				IPHONEOS_DEPLOYMENT_TARGET = 17.0;
				LD_RUNPATH_SEARCH_PATHS = (
					"$(inherited)",
					"@executable_path/Frameworks",
				);
				MARKETING_VERSION = 1.0;
				PRODUCT_BUNDLE_IDENTIFIER = com.tsaruggan.Neptunes;
				PRODUCT_NAME = "$(TARGET_NAME)";
				SWIFT_EMIT_LOC_STRINGS = YES;
				SWIFT_VERSION = 5.0;
				TARGETED_DEVICE_FAMILY = "1,2";
			};
			name = Debug;
		};
		187D4BF92C50141900FD8B25 /* Release */ = {
			isa = XCBuildConfiguration;
			buildSettings = {
				ASSETCATALOG_COMPILER_APPICON_NAME = AppIcon;
				ASSETCATALOG_COMPILER_GLOBAL_ACCENT_COLOR_NAME = AccentColor;
				CODE_SIGN_STYLE = Automatic;
				CURRENT_PROJECT_VERSION = 1;
				DEVELOPMENT_ASSET_PATHS = "\"Neptunes/Preview Content\"";
				DEVELOPMENT_TEAM = 75AGNXCF5M;
				ENABLE_PREVIEWS = YES;
				GENERATE_INFOPLIST_FILE = YES;
				INFOPLIST_FILE = Neptunes/Info.plist;
				INFOPLIST_KEY_UIApplicationSceneManifest_Generation = YES;
				INFOPLIST_KEY_UIApplicationSupportsIndirectInputEvents = YES;
				INFOPLIST_KEY_UILaunchScreen_Generation = YES;
				INFOPLIST_KEY_UISupportedInterfaceOrientations_iPad = "UIInterfaceOrientationPortrait UIInterfaceOrientationPortraitUpsideDown";
				INFOPLIST_KEY_UISupportedInterfaceOrientations_iPhone = UIInterfaceOrientationPortrait;
				IPHONEOS_DEPLOYMENT_TARGET = 17.0;
				LD_RUNPATH_SEARCH_PATHS = (
					"$(inherited)",
					"@executable_path/Frameworks",
				);
				MARKETING_VERSION = 1.0;
				PRODUCT_BUNDLE_IDENTIFIER = com.tsaruggan.Neptunes;
				PRODUCT_NAME = "$(TARGET_NAME)";
				SWIFT_EMIT_LOC_STRINGS = YES;
				SWIFT_VERSION = 5.0;
				TARGETED_DEVICE_FAMILY = "1,2";
			};
			name = Release;
		};
		187D4BFB2C50141900FD8B25 /* Debug */ = {
			isa = XCBuildConfiguration;
			buildSettings = {
				ALWAYS_EMBED_SWIFT_STANDARD_LIBRARIES = YES;
				BUNDLE_LOADER = "$(TEST_HOST)";
				CODE_SIGN_STYLE = Automatic;
				CURRENT_PROJECT_VERSION = 1;
				DEVELOPMENT_TEAM = 75AGNXCF5M;
				GENERATE_INFOPLIST_FILE = YES;
				IPHONEOS_DEPLOYMENT_TARGET = 16.4;
				MARKETING_VERSION = 1.0;
				PRODUCT_BUNDLE_IDENTIFIER = com.tsaruggan.NeptunesTests;
				PRODUCT_NAME = "$(TARGET_NAME)";
				SWIFT_EMIT_LOC_STRINGS = NO;
				SWIFT_VERSION = 5.0;
				TARGETED_DEVICE_FAMILY = "1,2";
				TEST_HOST = "$(BUILT_PRODUCTS_DIR)/Neptunes.app/$(BUNDLE_EXECUTABLE_FOLDER_PATH)/Neptunes";
			};
			name = Debug;
		};
		187D4BFC2C50141900FD8B25 /* Release */ = {
			isa = XCBuildConfiguration;
			buildSettings = {
				ALWAYS_EMBED_SWIFT_STANDARD_LIBRARIES = YES;
				BUNDLE_LOADER = "$(TEST_HOST)";
				CODE_SIGN_STYLE = Automatic;
				CURRENT_PROJECT_VERSION = 1;
				DEVELOPMENT_TEAM = 75AGNXCF5M;
				GENERATE_INFOPLIST_FILE = YES;
				IPHONEOS_DEPLOYMENT_TARGET = 16.4;
				MARKETING_VERSION = 1.0;
				PRODUCT_BUNDLE_IDENTIFIER = com.tsaruggan.NeptunesTests;
				PRODUCT_NAME = "$(TARGET_NAME)";
				SWIFT_EMIT_LOC_STRINGS = NO;
				SWIFT_VERSION = 5.0;
				TARGETED_DEVICE_FAMILY = "1,2";
				TEST_HOST = "$(BUILT_PRODUCTS_DIR)/Neptunes.app/$(BUNDLE_EXECUTABLE_FOLDER_PATH)/Neptunes";
			};
			name = Release;
		};
/* End XCBuildConfiguration section */

/* Begin XCConfigurationList section */
		187D4BC92C50141700FD8B25 /* Build configuration list for PBXProject "Neptunes" */ = {
			isa = XCConfigurationList;
			buildConfigurations = (
				187D4BF52C50141900FD8B25 /* Debug */,
				187D4BF62C50141900FD8B25 /* Release */,
			);
			defaultConfigurationIsVisible = 0;
			defaultConfigurationName = Release;
		};
		187D4BF72C50141900FD8B25 /* Build configuration list for PBXNativeTarget "Neptunes" */ = {
			isa = XCConfigurationList;
			buildConfigurations = (
				187D4BF82C50141900FD8B25 /* Debug */,
				187D4BF92C50141900FD8B25 /* Release */,
			);
			defaultConfigurationIsVisible = 0;
			defaultConfigurationName = Release;
		};
		187D4BFA2C50141900FD8B25 /* Build configuration list for PBXNativeTarget "NeptunesTests" */ = {
			isa = XCConfigurationList;
			buildConfigurations = (
				187D4BFB2C50141900FD8B25 /* Debug */,
				187D4BFC2C50141900FD8B25 /* Release */,
			);
			defaultConfigurationIsVisible = 0;
			defaultConfigurationName = Release;
		};
/* End XCConfigurationList section */

/* Begin XCRemoteSwiftPackageReference section */
		181CFB6A2C56B70300740943 /* XCRemoteSwiftPackageReference "swift-image" */ = {
			isa = XCRemoteSwiftPackageReference;
			repositoryURL = "https://github.com/koher/swift-image.git";
			requirement = {
				kind = upToNextMajorVersion;
				minimumVersion = 0.7.1;
			};
		};
		181CFB9B2C56BB9500740943 /* XCRemoteSwiftPackageReference "Mantis" */ = {
			isa = XCRemoteSwiftPackageReference;
			repositoryURL = "https://github.com/guoyingtao/Mantis.git";
			requirement = {
				kind = exactVersion;
				version = 2.9.1;
			};
		};
		1880B6F62C5F361B00B40E64 /* XCRemoteSwiftPackageReference "shiny" */ = {
			isa = XCRemoteSwiftPackageReference;
			repositoryURL = "https://github.com/maustinstar/shiny";
			requirement = {
				branch = master;
				kind = branch;
			};
		};
/* End XCRemoteSwiftPackageReference section */

/* Begin XCSwiftPackageProductDependency section */
		181CFB6B2C56B70300740943 /* SwiftImage */ = {
			isa = XCSwiftPackageProductDependency;
			package = 181CFB6A2C56B70300740943 /* XCRemoteSwiftPackageReference "swift-image" */;
			productName = SwiftImage;
		};
		181CFB9C2C56BB9500740943 /* Mantis */ = {
			isa = XCSwiftPackageProductDependency;
			package = 181CFB9B2C56BB9500740943 /* XCRemoteSwiftPackageReference "Mantis" */;
			productName = Mantis;
		};
		1880B6F72C5F361B00B40E64 /* Shiny */ = {
			isa = XCSwiftPackageProductDependency;
			package = 1880B6F62C5F361B00B40E64 /* XCRemoteSwiftPackageReference "shiny" */;
			productName = Shiny;
		};
/* End XCSwiftPackageProductDependency section */

/* Begin XCVersionGroup section */
		180A1A622C56B51B0070C8EE /* Neptunes.xcdatamodeld */ = {
			isa = XCVersionGroup;
			children = (
				180A1A632C56B51B0070C8EE /* Neptunes.xcdatamodel */,
			);
			currentVersion = 180A1A632C56B51B0070C8EE /* Neptunes.xcdatamodel */;
			path = Neptunes.xcdatamodeld;
			sourceTree = "<group>";
			versionGroupType = wrapper.xcdatamodel;
		};
/* End XCVersionGroup section */
	};
	rootObject = 187D4BC62C50141700FD8B25 /* Project object */;
}
