// !$*UTF8*$!
{
	archiveVersion = 1;
	classes = {
	};
	objectVersion = 56;
	objects = {

/* Begin PBXBuildFile section */
		187D4BD22C50141700FD8B25 /* NeptunesApp.swift in Sources */ = {isa = PBXBuildFile; fileRef = 187D4BD12C50141700FD8B25 /* NeptunesApp.swift */; };
		187D4BD42C50141700FD8B25 /* ContentView.swift in Sources */ = {isa = PBXBuildFile; fileRef = 187D4BD32C50141700FD8B25 /* ContentView.swift */; };
		187D4BD62C50141900FD8B25 /* Assets.xcassets in Resources */ = {isa = PBXBuildFile; fileRef = 187D4BD52C50141900FD8B25 /* Assets.xcassets */; };
		187D4BD92C50141900FD8B25 /* Preview Assets.xcassets in Resources */ = {isa = PBXBuildFile; fileRef = 187D4BD82C50141900FD8B25 /* Preview Assets.xcassets */; };
		187D4BDB2C50141900FD8B25 /* Persistence.swift in Sources */ = {isa = PBXBuildFile; fileRef = 187D4BDA2C50141900FD8B25 /* Persistence.swift */; };
		187D4BDE2C50141900FD8B25 /* Neptunes.xcdatamodeld in Sources */ = {isa = PBXBuildFile; fileRef = 187D4BDC2C50141900FD8B25 /* Neptunes.xcdatamodeld */; };
		187D4BE82C50141900FD8B25 /* NeptunesTests.swift in Sources */ = {isa = PBXBuildFile; fileRef = 187D4BE72C50141900FD8B25 /* NeptunesTests.swift */; };
		187D4BF22C50141900FD8B25 /* NeptunesUITests.swift in Sources */ = {isa = PBXBuildFile; fileRef = 187D4BF12C50141900FD8B25 /* NeptunesUITests.swift */; };
		187D4BF42C50141900FD8B25 /* NeptunesUITestsLaunchTests.swift in Sources */ = {isa = PBXBuildFile; fileRef = 187D4BF32C50141900FD8B25 /* NeptunesUITestsLaunchTests.swift */; };
		187D4C052C50179200FD8B25 /* Song.swift in Sources */ = {isa = PBXBuildFile; fileRef = 187D4C022C50179200FD8B25 /* Song.swift */; };
		187D4C062C50179200FD8B25 /* ScrubberView.swift in Sources */ = {isa = PBXBuildFile; fileRef = 187D4C032C50179200FD8B25 /* ScrubberView.swift */; };
		187D4C072C50179200FD8B25 /* Queue.swift in Sources */ = {isa = PBXBuildFile; fileRef = 187D4C042C50179200FD8B25 /* Queue.swift */; };
		187D4C0E2C5017A900FD8B25 /* MarqueeView.swift in Sources */ = {isa = PBXBuildFile; fileRef = 187D4C082C5017A900FD8B25 /* MarqueeView.swift */; };
		187D4C102C5017A900FD8B25 /* NowPlaying.swift in Sources */ = {isa = PBXBuildFile; fileRef = 187D4C0A2C5017A900FD8B25 /* NowPlaying.swift */; };
		187D4C112C5017A900FD8B25 /* AssetPlayer.swift in Sources */ = {isa = PBXBuildFile; fileRef = 187D4C0B2C5017A900FD8B25 /* AssetPlayer.swift */; };
		187D4C132C5017A900FD8B25 /* LocalFileManager.swift in Sources */ = {isa = PBXBuildFile; fileRef = 187D4C0D2C5017A900FD8B25 /* LocalFileManager.swift */; };
		187D4C152C50180600FD8B25 /* ViewModel.swift in Sources */ = {isa = PBXBuildFile; fileRef = 187D4C142C50180600FD8B25 /* ViewModel.swift */; };
		18D8B6BC2C501A5900AC94CF /* NowPlayableMetadata.swift in Sources */ = {isa = PBXBuildFile; fileRef = 18D8B6B72C501A5900AC94CF /* NowPlayableMetadata.swift */; };
		18D8B6BD2C501A5900AC94CF /* NowPlayable.swift in Sources */ = {isa = PBXBuildFile; fileRef = 18D8B6B82C501A5900AC94CF /* NowPlayable.swift */; };
		18D8B6BE2C501A5900AC94CF /* NowPlayableError.swift in Sources */ = {isa = PBXBuildFile; fileRef = 18D8B6B92C501A5900AC94CF /* NowPlayableError.swift */; };
		18D8B6BF2C501A5900AC94CF /* IOSNowPlayableBehaviour.swift in Sources */ = {isa = PBXBuildFile; fileRef = 18D8B6BA2C501A5900AC94CF /* IOSNowPlayableBehaviour.swift */; };
		18D8B6C02C501A5900AC94CF /* NowPlayableCommand.swift in Sources */ = {isa = PBXBuildFile; fileRef = 18D8B6BB2C501A5900AC94CF /* NowPlayableCommand.swift */; };
		18D8B6C72C501A8100AC94CF /* ConfigAsset.swift in Sources */ = {isa = PBXBuildFile; fileRef = 18D8B6C22C501A8100AC94CF /* ConfigAsset.swift */; };
		18D8B6C82C501A8100AC94CF /* ConfigCommand.swift in Sources */ = {isa = PBXBuildFile; fileRef = 18D8B6C32C501A8100AC94CF /* ConfigCommand.swift */; };
		18D8B6C92C501A8100AC94CF /* ConfigCommandCollection.swift in Sources */ = {isa = PBXBuildFile; fileRef = 18D8B6C42C501A8100AC94CF /* ConfigCommandCollection.swift */; };
		18D8B6CA2C501A8100AC94CF /* ConfigPath.swift in Sources */ = {isa = PBXBuildFile; fileRef = 18D8B6C52C501A8100AC94CF /* ConfigPath.swift */; };
		18D8B6CB2C501A8100AC94CF /* ConfigModel.swift in Sources */ = {isa = PBXBuildFile; fileRef = 18D8B6C62C501A8100AC94CF /* ConfigModel.swift */; };
		18D8B6D12C501ABE00AC94CF /* song2.mp3 in Resources */ = {isa = PBXBuildFile; fileRef = 18D8B6CC2C501ABE00AC94CF /* song2.mp3 */; };
		18D8B6D22C501ABE00AC94CF /* song5.mp3 in Resources */ = {isa = PBXBuildFile; fileRef = 18D8B6CD2C501ABE00AC94CF /* song5.mp3 */; };
		18D8B6D32C501ABE00AC94CF /* song3.mp3 in Resources */ = {isa = PBXBuildFile; fileRef = 18D8B6CE2C501ABE00AC94CF /* song3.mp3 */; };
		18D8B6D42C501ABE00AC94CF /* song4.mp3 in Resources */ = {isa = PBXBuildFile; fileRef = 18D8B6CF2C501ABE00AC94CF /* song4.mp3 */; };
		18D8B6D52C501ABE00AC94CF /* song1.mp3 in Resources */ = {isa = PBXBuildFile; fileRef = 18D8B6D02C501ABE00AC94CF /* song1.mp3 */; };
/* End PBXBuildFile section */

/* Begin PBXContainerItemProxy section */
		187D4BE42C50141900FD8B25 /* PBXContainerItemProxy */ = {
			isa = PBXContainerItemProxy;
			containerPortal = 187D4BC62C50141700FD8B25 /* Project object */;
			proxyType = 1;
			remoteGlobalIDString = 187D4BCD2C50141700FD8B25;
			remoteInfo = Neptunes;
		};
		187D4BEE2C50141900FD8B25 /* PBXContainerItemProxy */ = {
			isa = PBXContainerItemProxy;
			containerPortal = 187D4BC62C50141700FD8B25 /* Project object */;
			proxyType = 1;
			remoteGlobalIDString = 187D4BCD2C50141700FD8B25;
			remoteInfo = Neptunes;
		};
/* End PBXContainerItemProxy section */

/* Begin PBXFileReference section */
		187D4BCE2C50141700FD8B25 /* Neptunes.app */ = {isa = PBXFileReference; explicitFileType = wrapper.application; includeInIndex = 0; path = Neptunes.app; sourceTree = BUILT_PRODUCTS_DIR; };
		187D4BD12C50141700FD8B25 /* NeptunesApp.swift */ = {isa = PBXFileReference; lastKnownFileType = sourcecode.swift; path = NeptunesApp.swift; sourceTree = "<group>"; };
		187D4BD32C50141700FD8B25 /* ContentView.swift */ = {isa = PBXFileReference; lastKnownFileType = sourcecode.swift; path = ContentView.swift; sourceTree = "<group>"; };
		187D4BD52C50141900FD8B25 /* Assets.xcassets */ = {isa = PBXFileReference; lastKnownFileType = folder.assetcatalog; path = Assets.xcassets; sourceTree = "<group>"; };
		187D4BD82C50141900FD8B25 /* Preview Assets.xcassets */ = {isa = PBXFileReference; lastKnownFileType = folder.assetcatalog; path = "Preview Assets.xcassets"; sourceTree = "<group>"; };
		187D4BDA2C50141900FD8B25 /* Persistence.swift */ = {isa = PBXFileReference; lastKnownFileType = sourcecode.swift; path = Persistence.swift; sourceTree = "<group>"; };
		187D4BDD2C50141900FD8B25 /* Neptunes.xcdatamodel */ = {isa = PBXFileReference; lastKnownFileType = wrapper.xcdatamodel; path = Neptunes.xcdatamodel; sourceTree = "<group>"; };
		187D4BE32C50141900FD8B25 /* NeptunesTests.xctest */ = {isa = PBXFileReference; explicitFileType = wrapper.cfbundle; includeInIndex = 0; path = NeptunesTests.xctest; sourceTree = BUILT_PRODUCTS_DIR; };
		187D4BE72C50141900FD8B25 /* NeptunesTests.swift */ = {isa = PBXFileReference; lastKnownFileType = sourcecode.swift; path = NeptunesTests.swift; sourceTree = "<group>"; };
		187D4BED2C50141900FD8B25 /* NeptunesUITests.xctest */ = {isa = PBXFileReference; explicitFileType = wrapper.cfbundle; includeInIndex = 0; path = NeptunesUITests.xctest; sourceTree = BUILT_PRODUCTS_DIR; };
		187D4BF12C50141900FD8B25 /* NeptunesUITests.swift */ = {isa = PBXFileReference; lastKnownFileType = sourcecode.swift; path = NeptunesUITests.swift; sourceTree = "<group>"; };
		187D4BF32C50141900FD8B25 /* NeptunesUITestsLaunchTests.swift */ = {isa = PBXFileReference; lastKnownFileType = sourcecode.swift; path = NeptunesUITestsLaunchTests.swift; sourceTree = "<group>"; };
		187D4C022C50179200FD8B25 /* Song.swift */ = {isa = PBXFileReference; fileEncoding = 4; lastKnownFileType = sourcecode.swift; path = Song.swift; sourceTree = "<group>"; };
		187D4C032C50179200FD8B25 /* ScrubberView.swift */ = {isa = PBXFileReference; fileEncoding = 4; lastKnownFileType = sourcecode.swift; path = ScrubberView.swift; sourceTree = "<group>"; };
		187D4C042C50179200FD8B25 /* Queue.swift */ = {isa = PBXFileReference; fileEncoding = 4; lastKnownFileType = sourcecode.swift; path = Queue.swift; sourceTree = "<group>"; };
		187D4C082C5017A900FD8B25 /* MarqueeView.swift */ = {isa = PBXFileReference; fileEncoding = 4; lastKnownFileType = sourcecode.swift; path = MarqueeView.swift; sourceTree = "<group>"; };
		187D4C0A2C5017A900FD8B25 /* NowPlaying.swift */ = {isa = PBXFileReference; fileEncoding = 4; lastKnownFileType = sourcecode.swift; path = NowPlaying.swift; sourceTree = "<group>"; };
		187D4C0B2C5017A900FD8B25 /* AssetPlayer.swift */ = {isa = PBXFileReference; fileEncoding = 4; lastKnownFileType = sourcecode.swift; path = AssetPlayer.swift; sourceTree = "<group>"; };
		187D4C0D2C5017A900FD8B25 /* LocalFileManager.swift */ = {isa = PBXFileReference; fileEncoding = 4; lastKnownFileType = sourcecode.swift; path = LocalFileManager.swift; sourceTree = "<group>"; };
		187D4C142C50180600FD8B25 /* ViewModel.swift */ = {isa = PBXFileReference; fileEncoding = 4; lastKnownFileType = sourcecode.swift; path = ViewModel.swift; sourceTree = "<group>"; };
		18D8B6B72C501A5900AC94CF /* NowPlayableMetadata.swift */ = {isa = PBXFileReference; fileEncoding = 4; lastKnownFileType = sourcecode.swift; path = NowPlayableMetadata.swift; sourceTree = "<group>"; };
		18D8B6B82C501A5900AC94CF /* NowPlayable.swift */ = {isa = PBXFileReference; fileEncoding = 4; lastKnownFileType = sourcecode.swift; path = NowPlayable.swift; sourceTree = "<group>"; };
		18D8B6B92C501A5900AC94CF /* NowPlayableError.swift */ = {isa = PBXFileReference; fileEncoding = 4; lastKnownFileType = sourcecode.swift; path = NowPlayableError.swift; sourceTree = "<group>"; };
		18D8B6BA2C501A5900AC94CF /* IOSNowPlayableBehaviour.swift */ = {isa = PBXFileReference; fileEncoding = 4; lastKnownFileType = sourcecode.swift; path = IOSNowPlayableBehaviour.swift; sourceTree = "<group>"; };
		18D8B6BB2C501A5900AC94CF /* NowPlayableCommand.swift */ = {isa = PBXFileReference; fileEncoding = 4; lastKnownFileType = sourcecode.swift; path = NowPlayableCommand.swift; sourceTree = "<group>"; };
		18D8B6C22C501A8100AC94CF /* ConfigAsset.swift */ = {isa = PBXFileReference; fileEncoding = 4; lastKnownFileType = sourcecode.swift; path = ConfigAsset.swift; sourceTree = "<group>"; };
		18D8B6C32C501A8100AC94CF /* ConfigCommand.swift */ = {isa = PBXFileReference; fileEncoding = 4; lastKnownFileType = sourcecode.swift; path = ConfigCommand.swift; sourceTree = "<group>"; };
		18D8B6C42C501A8100AC94CF /* ConfigCommandCollection.swift */ = {isa = PBXFileReference; fileEncoding = 4; lastKnownFileType = sourcecode.swift; path = ConfigCommandCollection.swift; sourceTree = "<group>"; };
		18D8B6C52C501A8100AC94CF /* ConfigPath.swift */ = {isa = PBXFileReference; fileEncoding = 4; lastKnownFileType = sourcecode.swift; path = ConfigPath.swift; sourceTree = "<group>"; };
		18D8B6C62C501A8100AC94CF /* ConfigModel.swift */ = {isa = PBXFileReference; fileEncoding = 4; lastKnownFileType = sourcecode.swift; path = ConfigModel.swift; sourceTree = "<group>"; };
		18D8B6CC2C501ABE00AC94CF /* song2.mp3 */ = {isa = PBXFileReference; lastKnownFileType = audio.mp3; path = song2.mp3; sourceTree = "<group>"; };
		18D8B6CD2C501ABE00AC94CF /* song5.mp3 */ = {isa = PBXFileReference; lastKnownFileType = audio.mp3; path = song5.mp3; sourceTree = "<group>"; };
		18D8B6CE2C501ABE00AC94CF /* song3.mp3 */ = {isa = PBXFileReference; lastKnownFileType = audio.mp3; path = song3.mp3; sourceTree = "<group>"; };
		18D8B6CF2C501ABE00AC94CF /* song4.mp3 */ = {isa = PBXFileReference; lastKnownFileType = audio.mp3; path = song4.mp3; sourceTree = "<group>"; };
		18D8B6D02C501ABE00AC94CF /* song1.mp3 */ = {isa = PBXFileReference; lastKnownFileType = audio.mp3; path = song1.mp3; sourceTree = "<group>"; };
/* End PBXFileReference section */

/* Begin PBXFrameworksBuildPhase section */
		187D4BCB2C50141700FD8B25 /* Frameworks */ = {
			isa = PBXFrameworksBuildPhase;
			buildActionMask = 2147483647;
			files = (
			);
			runOnlyForDeploymentPostprocessing = 0;
		};
		187D4BE02C50141900FD8B25 /* Frameworks */ = {
			isa = PBXFrameworksBuildPhase;
			buildActionMask = 2147483647;
			files = (
			);
			runOnlyForDeploymentPostprocessing = 0;
		};
		187D4BEA2C50141900FD8B25 /* Frameworks */ = {
			isa = PBXFrameworksBuildPhase;
			buildActionMask = 2147483647;
			files = (
			);
			runOnlyForDeploymentPostprocessing = 0;
		};
/* End PBXFrameworksBuildPhase section */

/* Begin PBXGroup section */
		187D4BC52C50141700FD8B25 = {
			isa = PBXGroup;
			children = (
				187D4BD02C50141700FD8B25 /* Neptunes */,
				187D4BE62C50141900FD8B25 /* NeptunesTests */,
				187D4BF02C50141900FD8B25 /* NeptunesUITests */,
				187D4BCF2C50141700FD8B25 /* Products */,
			);
			sourceTree = "<group>";
		};
		187D4BCF2C50141700FD8B25 /* Products */ = {
			isa = PBXGroup;
			children = (
				187D4BCE2C50141700FD8B25 /* Neptunes.app */,
				187D4BE32C50141900FD8B25 /* NeptunesTests.xctest */,
				187D4BED2C50141900FD8B25 /* NeptunesUITests.xctest */,
			);
			name = Products;
			sourceTree = "<group>";
		};
		187D4BD02C50141700FD8B25 /* Neptunes */ = {
			isa = PBXGroup;
			children = (
				18D8B6D02C501ABE00AC94CF /* song1.mp3 */,
				18D8B6CC2C501ABE00AC94CF /* song2.mp3 */,
				18D8B6CE2C501ABE00AC94CF /* song3.mp3 */,
				18D8B6CF2C501ABE00AC94CF /* song4.mp3 */,
				18D8B6CD2C501ABE00AC94CF /* song5.mp3 */,
				18D8B6C12C501A8100AC94CF /* Configuration */,
				18D8B6B62C501A5900AC94CF /* NowPlayable */,
				187D4C142C50180600FD8B25 /* ViewModel.swift */,
				187D4C0B2C5017A900FD8B25 /* AssetPlayer.swift */,
				187D4C0D2C5017A900FD8B25 /* LocalFileManager.swift */,
				187D4C082C5017A900FD8B25 /* MarqueeView.swift */,
				187D4C0A2C5017A900FD8B25 /* NowPlaying.swift */,
				187D4C042C50179200FD8B25 /* Queue.swift */,
				187D4C032C50179200FD8B25 /* ScrubberView.swift */,
				187D4C022C50179200FD8B25 /* Song.swift */,
				187D4BD12C50141700FD8B25 /* NeptunesApp.swift */,
				187D4BD32C50141700FD8B25 /* ContentView.swift */,
				187D4BD52C50141900FD8B25 /* Assets.xcassets */,
				187D4BDA2C50141900FD8B25 /* Persistence.swift */,
				187D4BDC2C50141900FD8B25 /* Neptunes.xcdatamodeld */,
				187D4BD72C50141900FD8B25 /* Preview Content */,
			);
			path = Neptunes;
			sourceTree = "<group>";
		};
		187D4BD72C50141900FD8B25 /* Preview Content */ = {
			isa = PBXGroup;
			children = (
				187D4BD82C50141900FD8B25 /* Preview Assets.xcassets */,
			);
			path = "Preview Content";
			sourceTree = "<group>";
		};
		187D4BE62C50141900FD8B25 /* NeptunesTests */ = {
			isa = PBXGroup;
			children = (
				187D4BE72C50141900FD8B25 /* NeptunesTests.swift */,
			);
			path = NeptunesTests;
			sourceTree = "<group>";
		};
		187D4BF02C50141900FD8B25 /* NeptunesUITests */ = {
			isa = PBXGroup;
			children = (
				187D4BF12C50141900FD8B25 /* NeptunesUITests.swift */,
				187D4BF32C50141900FD8B25 /* NeptunesUITestsLaunchTests.swift */,
			);
			path = NeptunesUITests;
			sourceTree = "<group>";
		};
		18D8B6B62C501A5900AC94CF /* NowPlayable */ = {
			isa = PBXGroup;
			children = (
				18D8B6B72C501A5900AC94CF /* NowPlayableMetadata.swift */,
				18D8B6B82C501A5900AC94CF /* NowPlayable.swift */,
				18D8B6B92C501A5900AC94CF /* NowPlayableError.swift */,
				18D8B6BA2C501A5900AC94CF /* IOSNowPlayableBehaviour.swift */,
				18D8B6BB2C501A5900AC94CF /* NowPlayableCommand.swift */,
			);
			path = NowPlayable;
			sourceTree = "<group>";
		};
		18D8B6C12C501A8100AC94CF /* Configuration */ = {
			isa = PBXGroup;
			children = (
				18D8B6C22C501A8100AC94CF /* ConfigAsset.swift */,
				18D8B6C32C501A8100AC94CF /* ConfigCommand.swift */,
				18D8B6C42C501A8100AC94CF /* ConfigCommandCollection.swift */,
				18D8B6C52C501A8100AC94CF /* ConfigPath.swift */,
				18D8B6C62C501A8100AC94CF /* ConfigModel.swift */,
			);
			path = Configuration;
			sourceTree = "<group>";
		};
/* End PBXGroup section */

/* Begin PBXNativeTarget section */
		187D4BCD2C50141700FD8B25 /* Neptunes */ = {
			isa = PBXNativeTarget;
			buildConfigurationList = 187D4BF72C50141900FD8B25 /* Build configuration list for PBXNativeTarget "Neptunes" */;
			buildPhases = (
				187D4BCA2C50141700FD8B25 /* Sources */,
				187D4BCB2C50141700FD8B25 /* Frameworks */,
				187D4BCC2C50141700FD8B25 /* Resources */,
			);
			buildRules = (
			);
			dependencies = (
			);
			name = Neptunes;
			productName = Neptunes;
			productReference = 187D4BCE2C50141700FD8B25 /* Neptunes.app */;
			productType = "com.apple.product-type.application";
		};
		187D4BE22C50141900FD8B25 /* NeptunesTests */ = {
			isa = PBXNativeTarget;
			buildConfigurationList = 187D4BFA2C50141900FD8B25 /* Build configuration list for PBXNativeTarget "NeptunesTests" */;
			buildPhases = (
				187D4BDF2C50141900FD8B25 /* Sources */,
				187D4BE02C50141900FD8B25 /* Frameworks */,
				187D4BE12C50141900FD8B25 /* Resources */,
			);
			buildRules = (
			);
			dependencies = (
				187D4BE52C50141900FD8B25 /* PBXTargetDependency */,
			);
			name = NeptunesTests;
			productName = NeptunesTests;
			productReference = 187D4BE32C50141900FD8B25 /* NeptunesTests.xctest */;
			productType = "com.apple.product-type.bundle.unit-test";
		};
		187D4BEC2C50141900FD8B25 /* NeptunesUITests */ = {
			isa = PBXNativeTarget;
			buildConfigurationList = 187D4BFD2C50141900FD8B25 /* Build configuration list for PBXNativeTarget "NeptunesUITests" */;
			buildPhases = (
				187D4BE92C50141900FD8B25 /* Sources */,
				187D4BEA2C50141900FD8B25 /* Frameworks */,
				187D4BEB2C50141900FD8B25 /* Resources */,
			);
			buildRules = (
			);
			dependencies = (
				187D4BEF2C50141900FD8B25 /* PBXTargetDependency */,
			);
			name = NeptunesUITests;
			productName = NeptunesUITests;
			productReference = 187D4BED2C50141900FD8B25 /* NeptunesUITests.xctest */;
			productType = "com.apple.product-type.bundle.ui-testing";
		};
/* End PBXNativeTarget section */

/* Begin PBXProject section */
		187D4BC62C50141700FD8B25 /* Project object */ = {
			isa = PBXProject;
			attributes = {
				BuildIndependentTargetsInParallel = 1;
				LastSwiftUpdateCheck = 1430;
				LastUpgradeCheck = 1430;
				TargetAttributes = {
					187D4BCD2C50141700FD8B25 = {
						CreatedOnToolsVersion = 14.3.1;
					};
					187D4BE22C50141900FD8B25 = {
						CreatedOnToolsVersion = 14.3.1;
						TestTargetID = 187D4BCD2C50141700FD8B25;
					};
					187D4BEC2C50141900FD8B25 = {
						CreatedOnToolsVersion = 14.3.1;
						TestTargetID = 187D4BCD2C50141700FD8B25;
					};
				};
			};
			buildConfigurationList = 187D4BC92C50141700FD8B25 /* Build configuration list for PBXProject "Neptunes" */;
			compatibilityVersion = "Xcode 14.0";
			developmentRegion = en;
			hasScannedForEncodings = 0;
			knownRegions = (
				en,
				Base,
			);
			mainGroup = 187D4BC52C50141700FD8B25;
			productRefGroup = 187D4BCF2C50141700FD8B25 /* Products */;
			projectDirPath = "";
			projectRoot = "";
			targets = (
				187D4BCD2C50141700FD8B25 /* Neptunes */,
				187D4BE22C50141900FD8B25 /* NeptunesTests */,
				187D4BEC2C50141900FD8B25 /* NeptunesUITests */,
			);
		};
/* End PBXProject section */

/* Begin PBXResourcesBuildPhase section */
		187D4BCC2C50141700FD8B25 /* Resources */ = {
			isa = PBXResourcesBuildPhase;
			buildActionMask = 2147483647;
			files = (
				18D8B6D52C501ABE00AC94CF /* song1.mp3 in Resources */,
				187D4BD92C50141900FD8B25 /* Preview Assets.xcassets in Resources */,
				18D8B6D12C501ABE00AC94CF /* song2.mp3 in Resources */,
				18D8B6D32C501ABE00AC94CF /* song3.mp3 in Resources */,
				187D4BD62C50141900FD8B25 /* Assets.xcassets in Resources */,
				18D8B6D42C501ABE00AC94CF /* song4.mp3 in Resources */,
				18D8B6D22C501ABE00AC94CF /* song5.mp3 in Resources */,
			);
			runOnlyForDeploymentPostprocessing = 0;
		};
		187D4BE12C50141900FD8B25 /* Resources */ = {
			isa = PBXResourcesBuildPhase;
			buildActionMask = 2147483647;
			files = (
			);
			runOnlyForDeploymentPostprocessing = 0;
		};
		187D4BEB2C50141900FD8B25 /* Resources */ = {
			isa = PBXResourcesBuildPhase;
			buildActionMask = 2147483647;
			files = (
			);
			runOnlyForDeploymentPostprocessing = 0;
		};
/* End PBXResourcesBuildPhase section */

/* Begin PBXSourcesBuildPhase section */
		187D4BCA2C50141700FD8B25 /* Sources */ = {
			isa = PBXSourcesBuildPhase;
			buildActionMask = 2147483647;
			files = (
				18D8B6C72C501A8100AC94CF /* ConfigAsset.swift in Sources */,
				18D8B6CB2C501A8100AC94CF /* ConfigModel.swift in Sources */,
				187D4C062C50179200FD8B25 /* ScrubberView.swift in Sources */,
				187D4C132C5017A900FD8B25 /* LocalFileManager.swift in Sources */,
				187D4C072C50179200FD8B25 /* Queue.swift in Sources */,
				187D4BDB2C50141900FD8B25 /* Persistence.swift in Sources */,
				18D8B6BD2C501A5900AC94CF /* NowPlayable.swift in Sources */,
				187D4BD42C50141700FD8B25 /* ContentView.swift in Sources */,
				18D8B6BF2C501A5900AC94CF /* IOSNowPlayableBehaviour.swift in Sources */,
				187D4BD22C50141700FD8B25 /* NeptunesApp.swift in Sources */,
				18D8B6BE2C501A5900AC94CF /* NowPlayableError.swift in Sources */,
				187D4C112C5017A900FD8B25 /* AssetPlayer.swift in Sources */,
				18D8B6C82C501A8100AC94CF /* ConfigCommand.swift in Sources */,
				187D4C102C5017A900FD8B25 /* NowPlaying.swift in Sources */,
				187D4BDE2C50141900FD8B25 /* Neptunes.xcdatamodeld in Sources */,
				18D8B6BC2C501A5900AC94CF /* NowPlayableMetadata.swift in Sources */,
				187D4C052C50179200FD8B25 /* Song.swift in Sources */,
				187D4C152C50180600FD8B25 /* ViewModel.swift in Sources */,
				18D8B6C92C501A8100AC94CF /* ConfigCommandCollection.swift in Sources */,
				18D8B6CA2C501A8100AC94CF /* ConfigPath.swift in Sources */,
				187D4C0E2C5017A900FD8B25 /* MarqueeView.swift in Sources */,
				18D8B6C02C501A5900AC94CF /* NowPlayableCommand.swift in Sources */,
			);
			runOnlyForDeploymentPostprocessing = 0;
		};
		187D4BDF2C50141900FD8B25 /* Sources */ = {
			isa = PBXSourcesBuildPhase;
			buildActionMask = 2147483647;
			files = (
				187D4BE82C50141900FD8B25 /* NeptunesTests.swift in Sources */,
			);
			runOnlyForDeploymentPostprocessing = 0;
		};
		187D4BE92C50141900FD8B25 /* Sources */ = {
			isa = PBXSourcesBuildPhase;
			buildActionMask = 2147483647;
			files = (
				187D4BF42C50141900FD8B25 /* NeptunesUITestsLaunchTests.swift in Sources */,
				187D4BF22C50141900FD8B25 /* NeptunesUITests.swift in Sources */,
			);
			runOnlyForDeploymentPostprocessing = 0;
		};
/* End PBXSourcesBuildPhase section */

/* Begin PBXTargetDependency section */
		187D4BE52C50141900FD8B25 /* PBXTargetDependency */ = {
			isa = PBXTargetDependency;
			target = 187D4BCD2C50141700FD8B25 /* Neptunes */;
			targetProxy = 187D4BE42C50141900FD8B25 /* PBXContainerItemProxy */;
		};
		187D4BEF2C50141900FD8B25 /* PBXTargetDependency */ = {
			isa = PBXTargetDependency;
			target = 187D4BCD2C50141700FD8B25 /* Neptunes */;
			targetProxy = 187D4BEE2C50141900FD8B25 /* PBXContainerItemProxy */;
		};
/* End PBXTargetDependency section */

/* Begin XCBuildConfiguration section */
		187D4BF52C50141900FD8B25 /* Debug */ = {
			isa = XCBuildConfiguration;
			buildSettings = {
				ALWAYS_SEARCH_USER_PATHS = NO;
				CLANG_ANALYZER_NONNULL = YES;
				CLANG_ANALYZER_NUMBER_OBJECT_CONVERSION = YES_AGGRESSIVE;
				CLANG_CXX_LANGUAGE_STANDARD = "gnu++20";
				CLANG_ENABLE_MODULES = YES;
				CLANG_ENABLE_OBJC_ARC = YES;
				CLANG_ENABLE_OBJC_WEAK = YES;
				CLANG_WARN_BLOCK_CAPTURE_AUTORELEASING = YES;
				CLANG_WARN_BOOL_CONVERSION = YES;
				CLANG_WARN_COMMA = YES;
				CLANG_WARN_CONSTANT_CONVERSION = YES;
				CLANG_WARN_DEPRECATED_OBJC_IMPLEMENTATIONS = YES;
				CLANG_WARN_DIRECT_OBJC_ISA_USAGE = YES_ERROR;
				CLANG_WARN_DOCUMENTATION_COMMENTS = YES;
				CLANG_WARN_EMPTY_BODY = YES;
				CLANG_WARN_ENUM_CONVERSION = YES;
				CLANG_WARN_INFINITE_RECURSION = YES;
				CLANG_WARN_INT_CONVERSION = YES;
				CLANG_WARN_NON_LITERAL_NULL_CONVERSION = YES;
				CLANG_WARN_OBJC_IMPLICIT_RETAIN_SELF = YES;
				CLANG_WARN_OBJC_LITERAL_CONVERSION = YES;
				CLANG_WARN_OBJC_ROOT_CLASS = YES_ERROR;
				CLANG_WARN_QUOTED_INCLUDE_IN_FRAMEWORK_HEADER = YES;
				CLANG_WARN_RANGE_LOOP_ANALYSIS = YES;
				CLANG_WARN_STRICT_PROTOTYPES = YES;
				CLANG_WARN_SUSPICIOUS_MOVE = YES;
				CLANG_WARN_UNGUARDED_AVAILABILITY = YES_AGGRESSIVE;
				CLANG_WARN_UNREACHABLE_CODE = YES;
				CLANG_WARN__DUPLICATE_METHOD_MATCH = YES;
				COPY_PHASE_STRIP = NO;
				DEBUG_INFORMATION_FORMAT = dwarf;
				ENABLE_STRICT_OBJC_MSGSEND = YES;
				ENABLE_TESTABILITY = YES;
				GCC_C_LANGUAGE_STANDARD = gnu11;
				GCC_DYNAMIC_NO_PIC = NO;
				GCC_NO_COMMON_BLOCKS = YES;
				GCC_OPTIMIZATION_LEVEL = 0;
				GCC_PREPROCESSOR_DEFINITIONS = (
					"DEBUG=1",
					"$(inherited)",
				);
				GCC_WARN_64_TO_32_BIT_CONVERSION = YES;
				GCC_WARN_ABOUT_RETURN_TYPE = YES_ERROR;
				GCC_WARN_UNDECLARED_SELECTOR = YES;
				GCC_WARN_UNINITIALIZED_AUTOS = YES_AGGRESSIVE;
				GCC_WARN_UNUSED_FUNCTION = YES;
				GCC_WARN_UNUSED_VARIABLE = YES;
				IPHONEOS_DEPLOYMENT_TARGET = 16.4;
				MTL_ENABLE_DEBUG_INFO = INCLUDE_SOURCE;
				MTL_FAST_MATH = YES;
				ONLY_ACTIVE_ARCH = YES;
				SDKROOT = iphoneos;
				SWIFT_ACTIVE_COMPILATION_CONDITIONS = DEBUG;
				SWIFT_OPTIMIZATION_LEVEL = "-Onone";
			};
			name = Debug;
		};
		187D4BF62C50141900FD8B25 /* Release */ = {
			isa = XCBuildConfiguration;
			buildSettings = {
				ALWAYS_SEARCH_USER_PATHS = NO;
				CLANG_ANALYZER_NONNULL = YES;
				CLANG_ANALYZER_NUMBER_OBJECT_CONVERSION = YES_AGGRESSIVE;
				CLANG_CXX_LANGUAGE_STANDARD = "gnu++20";
				CLANG_ENABLE_MODULES = YES;
				CLANG_ENABLE_OBJC_ARC = YES;
				CLANG_ENABLE_OBJC_WEAK = YES;
				CLANG_WARN_BLOCK_CAPTURE_AUTORELEASING = YES;
				CLANG_WARN_BOOL_CONVERSION = YES;
				CLANG_WARN_COMMA = YES;
				CLANG_WARN_CONSTANT_CONVERSION = YES;
				CLANG_WARN_DEPRECATED_OBJC_IMPLEMENTATIONS = YES;
				CLANG_WARN_DIRECT_OBJC_ISA_USAGE = YES_ERROR;
				CLANG_WARN_DOCUMENTATION_COMMENTS = YES;
				CLANG_WARN_EMPTY_BODY = YES;
				CLANG_WARN_ENUM_CONVERSION = YES;
				CLANG_WARN_INFINITE_RECURSION = YES;
				CLANG_WARN_INT_CONVERSION = YES;
				CLANG_WARN_NON_LITERAL_NULL_CONVERSION = YES;
				CLANG_WARN_OBJC_IMPLICIT_RETAIN_SELF = YES;
				CLANG_WARN_OBJC_LITERAL_CONVERSION = YES;
				CLANG_WARN_OBJC_ROOT_CLASS = YES_ERROR;
				CLANG_WARN_QUOTED_INCLUDE_IN_FRAMEWORK_HEADER = YES;
				CLANG_WARN_RANGE_LOOP_ANALYSIS = YES;
				CLANG_WARN_STRICT_PROTOTYPES = YES;
				CLANG_WARN_SUSPICIOUS_MOVE = YES;
				CLANG_WARN_UNGUARDED_AVAILABILITY = YES_AGGRESSIVE;
				CLANG_WARN_UNREACHABLE_CODE = YES;
				CLANG_WARN__DUPLICATE_METHOD_MATCH = YES;
				COPY_PHASE_STRIP = NO;
				DEBUG_INFORMATION_FORMAT = "dwarf-with-dsym";
				ENABLE_NS_ASSERTIONS = NO;
				ENABLE_STRICT_OBJC_MSGSEND = YES;
				GCC_C_LANGUAGE_STANDARD = gnu11;
				GCC_NO_COMMON_BLOCKS = YES;
				GCC_WARN_64_TO_32_BIT_CONVERSION = YES;
				GCC_WARN_ABOUT_RETURN_TYPE = YES_ERROR;
				GCC_WARN_UNDECLARED_SELECTOR = YES;
				GCC_WARN_UNINITIALIZED_AUTOS = YES_AGGRESSIVE;
				GCC_WARN_UNUSED_FUNCTION = YES;
				GCC_WARN_UNUSED_VARIABLE = YES;
				IPHONEOS_DEPLOYMENT_TARGET = 16.4;
				MTL_ENABLE_DEBUG_INFO = NO;
				MTL_FAST_MATH = YES;
				SDKROOT = iphoneos;
				SWIFT_COMPILATION_MODE = wholemodule;
				SWIFT_OPTIMIZATION_LEVEL = "-O";
				VALIDATE_PRODUCT = YES;
			};
			name = Release;
		};
		187D4BF82C50141900FD8B25 /* Debug */ = {
			isa = XCBuildConfiguration;
			buildSettings = {
				ASSETCATALOG_COMPILER_APPICON_NAME = AppIcon;
				ASSETCATALOG_COMPILER_GLOBAL_ACCENT_COLOR_NAME = AccentColor;
				CODE_SIGN_STYLE = Automatic;
				CURRENT_PROJECT_VERSION = 1;
				DEVELOPMENT_ASSET_PATHS = "\"Neptunes/Preview Content\"";
				DEVELOPMENT_TEAM = 75AGNXCF5M;
				ENABLE_PREVIEWS = YES;
				GENERATE_INFOPLIST_FILE = YES;
				INFOPLIST_KEY_UIApplicationSceneManifest_Generation = YES;
				INFOPLIST_KEY_UIApplicationSupportsIndirectInputEvents = YES;
				INFOPLIST_KEY_UILaunchScreen_Generation = YES;
				INFOPLIST_KEY_UISupportedInterfaceOrientations_iPad = "UIInterfaceOrientationPortrait UIInterfaceOrientationPortraitUpsideDown UIInterfaceOrientationLandscapeLeft UIInterfaceOrientationLandscapeRight";
				INFOPLIST_KEY_UISupportedInterfaceOrientations_iPhone = "UIInterfaceOrientationPortrait UIInterfaceOrientationLandscapeLeft UIInterfaceOrientationLandscapeRight";
				LD_RUNPATH_SEARCH_PATHS = (
					"$(inherited)",
					"@executable_path/Frameworks",
				);
				MARKETING_VERSION = 1.0;
				PRODUCT_BUNDLE_IDENTIFIER = com.tsaruggan.Neptunes;
				PRODUCT_NAME = "$(TARGET_NAME)";
				SWIFT_EMIT_LOC_STRINGS = YES;
				SWIFT_VERSION = 5.0;
				TARGETED_DEVICE_FAMILY = "1,2";
			};
			name = Debug;
		};
		187D4BF92C50141900FD8B25 /* Release */ = {
			isa = XCBuildConfiguration;
			buildSettings = {
				ASSETCATALOG_COMPILER_APPICON_NAME = AppIcon;
				ASSETCATALOG_COMPILER_GLOBAL_ACCENT_COLOR_NAME = AccentColor;
				CODE_SIGN_STYLE = Automatic;
				CURRENT_PROJECT_VERSION = 1;
				DEVELOPMENT_ASSET_PATHS = "\"Neptunes/Preview Content\"";
				DEVELOPMENT_TEAM = 75AGNXCF5M;
				ENABLE_PREVIEWS = YES;
				GENERATE_INFOPLIST_FILE = YES;
				INFOPLIST_KEY_UIApplicationSceneManifest_Generation = YES;
				INFOPLIST_KEY_UIApplicationSupportsIndirectInputEvents = YES;
				INFOPLIST_KEY_UILaunchScreen_Generation = YES;
				INFOPLIST_KEY_UISupportedInterfaceOrientations_iPad = "UIInterfaceOrientationPortrait UIInterfaceOrientationPortraitUpsideDown UIInterfaceOrientationLandscapeLeft UIInterfaceOrientationLandscapeRight";
				INFOPLIST_KEY_UISupportedInterfaceOrientations_iPhone = "UIInterfaceOrientationPortrait UIInterfaceOrientationLandscapeLeft UIInterfaceOrientationLandscapeRight";
				LD_RUNPATH_SEARCH_PATHS = (
					"$(inherited)",
					"@executable_path/Frameworks",
				);
				MARKETING_VERSION = 1.0;
				PRODUCT_BUNDLE_IDENTIFIER = com.tsaruggan.Neptunes;
				PRODUCT_NAME = "$(TARGET_NAME)";
				SWIFT_EMIT_LOC_STRINGS = YES;
				SWIFT_VERSION = 5.0;
				TARGETED_DEVICE_FAMILY = "1,2";
			};
			name = Release;
		};
		187D4BFB2C50141900FD8B25 /* Debug */ = {
			isa = XCBuildConfiguration;
			buildSettings = {
				ALWAYS_EMBED_SWIFT_STANDARD_LIBRARIES = YES;
				BUNDLE_LOADER = "$(TEST_HOST)";
				CODE_SIGN_STYLE = Automatic;
				CURRENT_PROJECT_VERSION = 1;
				DEVELOPMENT_TEAM = 75AGNXCF5M;
				GENERATE_INFOPLIST_FILE = YES;
				IPHONEOS_DEPLOYMENT_TARGET = 16.4;
				MARKETING_VERSION = 1.0;
				PRODUCT_BUNDLE_IDENTIFIER = com.tsaruggan.NeptunesTests;
				PRODUCT_NAME = "$(TARGET_NAME)";
				SWIFT_EMIT_LOC_STRINGS = NO;
				SWIFT_VERSION = 5.0;
				TARGETED_DEVICE_FAMILY = "1,2";
				TEST_HOST = "$(BUILT_PRODUCTS_DIR)/Neptunes.app/$(BUNDLE_EXECUTABLE_FOLDER_PATH)/Neptunes";
			};
			name = Debug;
		};
		187D4BFC2C50141900FD8B25 /* Release */ = {
			isa = XCBuildConfiguration;
			buildSettings = {
				ALWAYS_EMBED_SWIFT_STANDARD_LIBRARIES = YES;
				BUNDLE_LOADER = "$(TEST_HOST)";
				CODE_SIGN_STYLE = Automatic;
				CURRENT_PROJECT_VERSION = 1;
				DEVELOPMENT_TEAM = 75AGNXCF5M;
				GENERATE_INFOPLIST_FILE = YES;
				IPHONEOS_DEPLOYMENT_TARGET = 16.4;
				MARKETING_VERSION = 1.0;
				PRODUCT_BUNDLE_IDENTIFIER = com.tsaruggan.NeptunesTests;
				PRODUCT_NAME = "$(TARGET_NAME)";
				SWIFT_EMIT_LOC_STRINGS = NO;
				SWIFT_VERSION = 5.0;
				TARGETED_DEVICE_FAMILY = "1,2";
				TEST_HOST = "$(BUILT_PRODUCTS_DIR)/Neptunes.app/$(BUNDLE_EXECUTABLE_FOLDER_PATH)/Neptunes";
			};
			name = Release;
		};
		187D4BFE2C50141900FD8B25 /* Debug */ = {
			isa = XCBuildConfiguration;
			buildSettings = {
				ALWAYS_EMBED_SWIFT_STANDARD_LIBRARIES = YES;
				CODE_SIGN_STYLE = Automatic;
				CURRENT_PROJECT_VERSION = 1;
				DEVELOPMENT_TEAM = 75AGNXCF5M;
				GENERATE_INFOPLIST_FILE = YES;
				MARKETING_VERSION = 1.0;
				PRODUCT_BUNDLE_IDENTIFIER = com.tsaruggan.NeptunesUITests;
				PRODUCT_NAME = "$(TARGET_NAME)";
				SWIFT_EMIT_LOC_STRINGS = NO;
				SWIFT_VERSION = 5.0;
				TARGETED_DEVICE_FAMILY = "1,2";
				TEST_TARGET_NAME = Neptunes;
			};
			name = Debug;
		};
		187D4BFF2C50141900FD8B25 /* Release */ = {
			isa = XCBuildConfiguration;
			buildSettings = {
				ALWAYS_EMBED_SWIFT_STANDARD_LIBRARIES = YES;
				CODE_SIGN_STYLE = Automatic;
				CURRENT_PROJECT_VERSION = 1;
				DEVELOPMENT_TEAM = 75AGNXCF5M;
				GENERATE_INFOPLIST_FILE = YES;
				MARKETING_VERSION = 1.0;
				PRODUCT_BUNDLE_IDENTIFIER = com.tsaruggan.NeptunesUITests;
				PRODUCT_NAME = "$(TARGET_NAME)";
				SWIFT_EMIT_LOC_STRINGS = NO;
				SWIFT_VERSION = 5.0;
				TARGETED_DEVICE_FAMILY = "1,2";
				TEST_TARGET_NAME = Neptunes;
			};
			name = Release;
		};
/* End XCBuildConfiguration section */

/* Begin XCConfigurationList section */
		187D4BC92C50141700FD8B25 /* Build configuration list for PBXProject "Neptunes" */ = {
			isa = XCConfigurationList;
			buildConfigurations = (
				187D4BF52C50141900FD8B25 /* Debug */,
				187D4BF62C50141900FD8B25 /* Release */,
			);
			defaultConfigurationIsVisible = 0;
			defaultConfigurationName = Release;
		};
		187D4BF72C50141900FD8B25 /* Build configuration list for PBXNativeTarget "Neptunes" */ = {
			isa = XCConfigurationList;
			buildConfigurations = (
				187D4BF82C50141900FD8B25 /* Debug */,
				187D4BF92C50141900FD8B25 /* Release */,
			);
			defaultConfigurationIsVisible = 0;
			defaultConfigurationName = Release;
		};
		187D4BFA2C50141900FD8B25 /* Build configuration list for PBXNativeTarget "NeptunesTests" */ = {
			isa = XCConfigurationList;
			buildConfigurations = (
				187D4BFB2C50141900FD8B25 /* Debug */,
				187D4BFC2C50141900FD8B25 /* Release */,
			);
			defaultConfigurationIsVisible = 0;
			defaultConfigurationName = Release;
		};
		187D4BFD2C50141900FD8B25 /* Build configuration list for PBXNativeTarget "NeptunesUITests" */ = {
			isa = XCConfigurationList;
			buildConfigurations = (
				187D4BFE2C50141900FD8B25 /* Debug */,
				187D4BFF2C50141900FD8B25 /* Release */,
			);
			defaultConfigurationIsVisible = 0;
			defaultConfigurationName = Release;
		};
/* End XCConfigurationList section */

/* Begin XCVersionGroup section */
		187D4BDC2C50141900FD8B25 /* Neptunes.xcdatamodeld */ = {
			isa = XCVersionGroup;
			children = (
				187D4BDD2C50141900FD8B25 /* Neptunes.xcdatamodel */,
			);
			currentVersion = 187D4BDD2C50141900FD8B25 /* Neptunes.xcdatamodel */;
			path = Neptunes.xcdatamodeld;
			sourceTree = "<group>";
			versionGroupType = wrapper.xcdatamodel;
		};
/* End XCVersionGroup section */
	};
	rootObject = 187D4BC62C50141700FD8B25 /* Project object */;
}
