// !$*UTF8*$!
{
	archiveVersion = 1;
	classes = {
	};
	objectVersion = 56;
	objects = {

/* Begin PBXBuildFile section */
		1816D71529DDBA7400C50796 /* HomeView.swift in Sources */ = {isa = PBXBuildFile; fileRef = 1816D71429DDBA7400C50796 /* HomeView.swift */; };
		1816D71729DDBB7400C50796 /* SongView.swift in Sources */ = {isa = PBXBuildFile; fileRef = 1816D71629DDBB7400C50796 /* SongView.swift */; };
		181777DE29D2667E006D6DB8 /* NeptunesApp.swift in Sources */ = {isa = PBXBuildFile; fileRef = 181777DD29D2667E006D6DB8 /* NeptunesApp.swift */; };
		181777E029D2667E006D6DB8 /* ContentView.swift in Sources */ = {isa = PBXBuildFile; fileRef = 181777DF29D2667E006D6DB8 /* ContentView.swift */; };
		181777E229D2667F006D6DB8 /* Assets.xcassets in Resources */ = {isa = PBXBuildFile; fileRef = 181777E129D2667F006D6DB8 /* Assets.xcassets */; };
		181777E529D2667F006D6DB8 /* Preview Assets.xcassets in Resources */ = {isa = PBXBuildFile; fileRef = 181777E429D2667F006D6DB8 /* Preview Assets.xcassets */; };
		181777E729D2667F006D6DB8 /* Persistence.swift in Sources */ = {isa = PBXBuildFile; fileRef = 181777E629D2667F006D6DB8 /* Persistence.swift */; };
		181777EA29D2667F006D6DB8 /* Neptunes.xcdatamodeld in Sources */ = {isa = PBXBuildFile; fileRef = 181777E829D2667F006D6DB8 /* Neptunes.xcdatamodeld */; };
		181936E829E6124900AEA7A4 /* Player.swift in Sources */ = {isa = PBXBuildFile; fileRef = 181936E729E6124900AEA7A4 /* Player.swift */; };
		181936EA29E6127100AEA7A4 /* NowPlaying.swift in Sources */ = {isa = PBXBuildFile; fileRef = 181936E929E6127100AEA7A4 /* NowPlaying.swift */; };
		181936EC29E6127E00AEA7A4 /* Queue.swift in Sources */ = {isa = PBXBuildFile; fileRef = 181936EB29E6127E00AEA7A4 /* Queue.swift */; };
		181936EE29E613AB00AEA7A4 /* PlayerView.swift in Sources */ = {isa = PBXBuildFile; fileRef = 181936ED29E613AB00AEA7A4 /* PlayerView.swift */; };
		181936F029E613BD00AEA7A4 /* PlayerViewModel.swift in Sources */ = {isa = PBXBuildFile; fileRef = 181936EF29E613BD00AEA7A4 /* PlayerViewModel.swift */; };
		181936F229E6141900AEA7A4 /* MarqueeView.swift in Sources */ = {isa = PBXBuildFile; fileRef = 181936F129E6141900AEA7A4 /* MarqueeView.swift */; };
		181936F429E6144500AEA7A4 /* ScrubberView.swift in Sources */ = {isa = PBXBuildFile; fileRef = 181936F329E6144500AEA7A4 /* ScrubberView.swift */; };
		181936F929E6200100AEA7A4 /* EditorViewModel.swift in Sources */ = {isa = PBXBuildFile; fileRef = 181936F829E6200100AEA7A4 /* EditorViewModel.swift */; };
		181936FB29E6221000AEA7A4 /* CoreDataManager.swift in Sources */ = {isa = PBXBuildFile; fileRef = 181936FA29E6221000AEA7A4 /* CoreDataManager.swift */; };
		1823215429DDC61900D18708 /* Album+CoreDataClass.swift in Sources */ = {isa = PBXBuildFile; fileRef = 1823214E29DDC61900D18708 /* Album+CoreDataClass.swift */; };
		1823215529DDC61900D18708 /* Album+CoreDataProperties.swift in Sources */ = {isa = PBXBuildFile; fileRef = 1823214F29DDC61900D18708 /* Album+CoreDataProperties.swift */; };
		1823215629DDC61900D18708 /* Song+CoreDataClass.swift in Sources */ = {isa = PBXBuildFile; fileRef = 1823215029DDC61900D18708 /* Song+CoreDataClass.swift */; };
		1823215729DDC61900D18708 /* Song+CoreDataProperties.swift in Sources */ = {isa = PBXBuildFile; fileRef = 1823215129DDC61900D18708 /* Song+CoreDataProperties.swift */; };
		1823215829DDC61900D18708 /* Artist+CoreDataClass.swift in Sources */ = {isa = PBXBuildFile; fileRef = 1823215229DDC61900D18708 /* Artist+CoreDataClass.swift */; };
		1823215929DDC61900D18708 /* Artist+CoreDataProperties.swift in Sources */ = {isa = PBXBuildFile; fileRef = 1823215329DDC61900D18708 /* Artist+CoreDataProperties.swift */; };
		1866E93029DA131100DE0C22 /* Metadata.swift in Sources */ = {isa = PBXBuildFile; fileRef = 1866E92F29DA131100DE0C22 /* Metadata.swift */; };
		1891ABE829DB19F200A4989A /* EditorView.swift in Sources */ = {isa = PBXBuildFile; fileRef = 1891ABE729DB19F200A4989A /* EditorView.swift */; };
		18EE347029DA0ECB00571EF9 /* LocalFileManager.swift in Sources */ = {isa = PBXBuildFile; fileRef = 18EE346F29DA0ECB00571EF9 /* LocalFileManager.swift */; };
/* End PBXBuildFile section */

/* Begin PBXFileReference section */
		1816D71429DDBA7400C50796 /* HomeView.swift */ = {isa = PBXFileReference; lastKnownFileType = sourcecode.swift; path = HomeView.swift; sourceTree = "<group>"; };
		1816D71629DDBB7400C50796 /* SongView.swift */ = {isa = PBXFileReference; lastKnownFileType = sourcecode.swift; path = SongView.swift; sourceTree = "<group>"; };
		181777DA29D2667E006D6DB8 /* Neptunes.app */ = {isa = PBXFileReference; explicitFileType = wrapper.application; includeInIndex = 0; path = Neptunes.app; sourceTree = BUILT_PRODUCTS_DIR; };
		181777DD29D2667E006D6DB8 /* NeptunesApp.swift */ = {isa = PBXFileReference; lastKnownFileType = sourcecode.swift; path = NeptunesApp.swift; sourceTree = "<group>"; };
		181777DF29D2667E006D6DB8 /* ContentView.swift */ = {isa = PBXFileReference; lastKnownFileType = sourcecode.swift; path = ContentView.swift; sourceTree = "<group>"; };
		181777E129D2667F006D6DB8 /* Assets.xcassets */ = {isa = PBXFileReference; lastKnownFileType = folder.assetcatalog; path = Assets.xcassets; sourceTree = "<group>"; };
		181777E429D2667F006D6DB8 /* Preview Assets.xcassets */ = {isa = PBXFileReference; lastKnownFileType = folder.assetcatalog; path = "Preview Assets.xcassets"; sourceTree = "<group>"; };
		181777E629D2667F006D6DB8 /* Persistence.swift */ = {isa = PBXFileReference; lastKnownFileType = sourcecode.swift; path = Persistence.swift; sourceTree = "<group>"; };
		181777E929D2667F006D6DB8 /* Neptunes.xcdatamodel */ = {isa = PBXFileReference; lastKnownFileType = wrapper.xcdatamodel; path = Neptunes.xcdatamodel; sourceTree = "<group>"; };
		181936E729E6124900AEA7A4 /* Player.swift */ = {isa = PBXFileReference; lastKnownFileType = sourcecode.swift; path = Player.swift; sourceTree = "<group>"; };
		181936E929E6127100AEA7A4 /* NowPlaying.swift */ = {isa = PBXFileReference; lastKnownFileType = sourcecode.swift; path = NowPlaying.swift; sourceTree = "<group>"; };
		181936EB29E6127E00AEA7A4 /* Queue.swift */ = {isa = PBXFileReference; lastKnownFileType = sourcecode.swift; path = Queue.swift; sourceTree = "<group>"; };
		181936ED29E613AB00AEA7A4 /* PlayerView.swift */ = {isa = PBXFileReference; lastKnownFileType = sourcecode.swift; path = PlayerView.swift; sourceTree = "<group>"; };
		181936EF29E613BD00AEA7A4 /* PlayerViewModel.swift */ = {isa = PBXFileReference; lastKnownFileType = sourcecode.swift; path = PlayerViewModel.swift; sourceTree = "<group>"; };
		181936F129E6141900AEA7A4 /* MarqueeView.swift */ = {isa = PBXFileReference; lastKnownFileType = sourcecode.swift; path = MarqueeView.swift; sourceTree = "<group>"; };
		181936F329E6144500AEA7A4 /* ScrubberView.swift */ = {isa = PBXFileReference; lastKnownFileType = sourcecode.swift; path = ScrubberView.swift; sourceTree = "<group>"; };
		181936F829E6200100AEA7A4 /* EditorViewModel.swift */ = {isa = PBXFileReference; lastKnownFileType = sourcecode.swift; path = EditorViewModel.swift; sourceTree = "<group>"; };
		181936FA29E6221000AEA7A4 /* CoreDataManager.swift */ = {isa = PBXFileReference; lastKnownFileType = sourcecode.swift; path = CoreDataManager.swift; sourceTree = "<group>"; };
		1823214E29DDC61900D18708 /* Album+CoreDataClass.swift */ = {isa = PBXFileReference; lastKnownFileType = sourcecode.swift; path = "Album+CoreDataClass.swift"; sourceTree = SOURCE_ROOT; };
		1823214F29DDC61900D18708 /* Album+CoreDataProperties.swift */ = {isa = PBXFileReference; lastKnownFileType = sourcecode.swift; path = "Album+CoreDataProperties.swift"; sourceTree = SOURCE_ROOT; };
		1823215029DDC61900D18708 /* Song+CoreDataClass.swift */ = {isa = PBXFileReference; lastKnownFileType = sourcecode.swift; path = "Song+CoreDataClass.swift"; sourceTree = SOURCE_ROOT; };
		1823215129DDC61900D18708 /* Song+CoreDataProperties.swift */ = {isa = PBXFileReference; lastKnownFileType = sourcecode.swift; path = "Song+CoreDataProperties.swift"; sourceTree = SOURCE_ROOT; };
		1823215229DDC61900D18708 /* Artist+CoreDataClass.swift */ = {isa = PBXFileReference; lastKnownFileType = sourcecode.swift; path = "Artist+CoreDataClass.swift"; sourceTree = SOURCE_ROOT; };
		1823215329DDC61900D18708 /* Artist+CoreDataProperties.swift */ = {isa = PBXFileReference; lastKnownFileType = sourcecode.swift; path = "Artist+CoreDataProperties.swift"; sourceTree = SOURCE_ROOT; };
		1866E92F29DA131100DE0C22 /* Metadata.swift */ = {isa = PBXFileReference; lastKnownFileType = sourcecode.swift; path = Metadata.swift; sourceTree = "<group>"; };
		1891ABE729DB19F200A4989A /* EditorView.swift */ = {isa = PBXFileReference; lastKnownFileType = sourcecode.swift; path = EditorView.swift; sourceTree = "<group>"; };
		18EE346F29DA0ECB00571EF9 /* LocalFileManager.swift */ = {isa = PBXFileReference; lastKnownFileType = sourcecode.swift; path = LocalFileManager.swift; sourceTree = "<group>"; };
/* End PBXFileReference section */

/* Begin PBXFrameworksBuildPhase section */
		181777D729D2667E006D6DB8 /* Frameworks */ = {
			isa = PBXFrameworksBuildPhase;
			buildActionMask = 2147483647;
			files = (
			);
			runOnlyForDeploymentPostprocessing = 0;
		};
/* End PBXFrameworksBuildPhase section */

/* Begin PBXGroup section */
		181777D129D2667E006D6DB8 = {
			isa = PBXGroup;
			children = (
				181777DC29D2667E006D6DB8 /* Neptunes */,
				181777DB29D2667E006D6DB8 /* Products */,
			);
			sourceTree = "<group>";
		};
		181777DB29D2667E006D6DB8 /* Products */ = {
			isa = PBXGroup;
			children = (
				181777DA29D2667E006D6DB8 /* Neptunes.app */,
			);
			name = Products;
			sourceTree = "<group>";
		};
		181777DC29D2667E006D6DB8 /* Neptunes */ = {
			isa = PBXGroup;
			children = (
				181936F729E61FCF00AEA7A4 /* EditorView */,
				181936E629E6120E00AEA7A4 /* PlayerView */,
				181777E129D2667F006D6DB8 /* Assets.xcassets */,
				181777E329D2667F006D6DB8 /* Preview Content */,
				18EE347129DA10DB00571EF9 /* Models */,
				181777DD29D2667E006D6DB8 /* NeptunesApp.swift */,
				181777DF29D2667E006D6DB8 /* ContentView.swift */,
				181777E829D2667F006D6DB8 /* Neptunes.xcdatamodeld */,
				1816D71429DDBA7400C50796 /* HomeView.swift */,
				1816D71629DDBB7400C50796 /* SongView.swift */,
			);
			path = Neptunes;
			sourceTree = "<group>";
		};
		181777E329D2667F006D6DB8 /* Preview Content */ = {
			isa = PBXGroup;
			children = (
				181777E429D2667F006D6DB8 /* Preview Assets.xcassets */,
			);
			path = "Preview Content";
			sourceTree = "<group>";
		};
		181936E629E6120E00AEA7A4 /* PlayerView */ = {
			isa = PBXGroup;
			children = (
				181936ED29E613AB00AEA7A4 /* PlayerView.swift */,
				181936EF29E613BD00AEA7A4 /* PlayerViewModel.swift */,
				181936F129E6141900AEA7A4 /* MarqueeView.swift */,
				181936F329E6144500AEA7A4 /* ScrubberView.swift */,
			);
			path = PlayerView;
			sourceTree = "<group>";
		};
		181936F529E61AFE00AEA7A4 /* Playback */ = {
			isa = PBXGroup;
			children = (
				181936E729E6124900AEA7A4 /* Player.swift */,
				181936E929E6127100AEA7A4 /* NowPlaying.swift */,
				181936EB29E6127E00AEA7A4 /* Queue.swift */,
			);
			path = Playback;
			sourceTree = "<group>";
		};
		181936F729E61FCF00AEA7A4 /* EditorView */ = {
			isa = PBXGroup;
			children = (
				1891ABE729DB19F200A4989A /* EditorView.swift */,
				181936F829E6200100AEA7A4 /* EditorViewModel.swift */,
			);
			path = EditorView;
			sourceTree = "<group>";
		};
		1866E92E29DA12FB00DE0C22 /* Music */ = {
			isa = PBXGroup;
			children = (
				1823214E29DDC61900D18708 /* Album+CoreDataClass.swift */,
				1823214F29DDC61900D18708 /* Album+CoreDataProperties.swift */,
				1823215029DDC61900D18708 /* Song+CoreDataClass.swift */,
				1823215129DDC61900D18708 /* Song+CoreDataProperties.swift */,
				1823215229DDC61900D18708 /* Artist+CoreDataClass.swift */,
				1823215329DDC61900D18708 /* Artist+CoreDataProperties.swift */,
				1866E92F29DA131100DE0C22 /* Metadata.swift */,
			);
			path = Music;
			sourceTree = "<group>";
		};
		18EE347129DA10DB00571EF9 /* Models */ = {
			isa = PBXGroup;
			children = (
				181936F529E61AFE00AEA7A4 /* Playback */,
				1866E92E29DA12FB00DE0C22 /* Music */,
				18EE347229DA10EA00571EF9 /* Data */,
			);
			path = Models;
			sourceTree = "<group>";
		};
		18EE347229DA10EA00571EF9 /* Data */ = {
			isa = PBXGroup;
			children = (
				181777E629D2667F006D6DB8 /* Persistence.swift */,
				18EE346F29DA0ECB00571EF9 /* LocalFileManager.swift */,
				181936FA29E6221000AEA7A4 /* CoreDataManager.swift */,
			);
			path = Data;
			sourceTree = "<group>";
		};
/* End PBXGroup section */

/* Begin PBXNativeTarget section */
		181777D929D2667E006D6DB8 /* Neptunes */ = {
			isa = PBXNativeTarget;
			buildConfigurationList = 181777ED29D2667F006D6DB8 /* Build configuration list for PBXNativeTarget "Neptunes" */;
			buildPhases = (
				181777D629D2667E006D6DB8 /* Sources */,
				181777D729D2667E006D6DB8 /* Frameworks */,
				181777D829D2667E006D6DB8 /* Resources */,
			);
			buildRules = (
			);
			dependencies = (
			);
			name = Neptunes;
			productName = Neptunes;
			productReference = 181777DA29D2667E006D6DB8 /* Neptunes.app */;
			productType = "com.apple.product-type.application";
		};
/* End PBXNativeTarget section */

/* Begin PBXProject section */
		181777D229D2667E006D6DB8 /* Project object */ = {
			isa = PBXProject;
			attributes = {
				BuildIndependentTargetsInParallel = 1;
				LastSwiftUpdateCheck = 1420;
				LastUpgradeCheck = 1420;
				TargetAttributes = {
					181777D929D2667E006D6DB8 = {
						CreatedOnToolsVersion = 14.2;
					};
				};
			};
			buildConfigurationList = 181777D529D2667E006D6DB8 /* Build configuration list for PBXProject "Neptunes" */;
			compatibilityVersion = "Xcode 14.0";
			developmentRegion = en;
			hasScannedForEncodings = 0;
			knownRegions = (
				en,
				Base,
			);
			mainGroup = 181777D129D2667E006D6DB8;
			productRefGroup = 181777DB29D2667E006D6DB8 /* Products */;
			projectDirPath = "";
			projectRoot = "";
			targets = (
				181777D929D2667E006D6DB8 /* Neptunes */,
			);
		};
/* End PBXProject section */

/* Begin PBXResourcesBuildPhase section */
		181777D829D2667E006D6DB8 /* Resources */ = {
			isa = PBXResourcesBuildPhase;
			buildActionMask = 2147483647;
			files = (
				181777E529D2667F006D6DB8 /* Preview Assets.xcassets in Resources */,
				181777E229D2667F006D6DB8 /* Assets.xcassets in Resources */,
			);
			runOnlyForDeploymentPostprocessing = 0;
		};
/* End PBXResourcesBuildPhase section */

/* Begin PBXSourcesBuildPhase section */
		181777D629D2667E006D6DB8 /* Sources */ = {
			isa = PBXSourcesBuildPhase;
			buildActionMask = 2147483647;
			files = (
				1816D71729DDBB7400C50796 /* SongView.swift in Sources */,
				181936F029E613BD00AEA7A4 /* PlayerViewModel.swift in Sources */,
				181936EA29E6127100AEA7A4 /* NowPlaying.swift in Sources */,
				181936F929E6200100AEA7A4 /* EditorViewModel.swift in Sources */,
				181777E729D2667F006D6DB8 /* Persistence.swift in Sources */,
				1823215929DDC61900D18708 /* Artist+CoreDataProperties.swift in Sources */,
				181936FB29E6221000AEA7A4 /* CoreDataManager.swift in Sources */,
				1823215729DDC61900D18708 /* Song+CoreDataProperties.swift in Sources */,
				181936F429E6144500AEA7A4 /* ScrubberView.swift in Sources */,
				181936E829E6124900AEA7A4 /* Player.swift in Sources */,
				1823215629DDC61900D18708 /* Song+CoreDataClass.swift in Sources */,
				181936EC29E6127E00AEA7A4 /* Queue.swift in Sources */,
				181777E029D2667E006D6DB8 /* ContentView.swift in Sources */,
				1823215529DDC61900D18708 /* Album+CoreDataProperties.swift in Sources */,
				181936F229E6141900AEA7A4 /* MarqueeView.swift in Sources */,
				1823215429DDC61900D18708 /* Album+CoreDataClass.swift in Sources */,
				18EE347029DA0ECB00571EF9 /* LocalFileManager.swift in Sources */,
				1891ABE829DB19F200A4989A /* EditorView.swift in Sources */,
				181777DE29D2667E006D6DB8 /* NeptunesApp.swift in Sources */,
				1823215829DDC61900D18708 /* Artist+CoreDataClass.swift in Sources */,
				1816D71529DDBA7400C50796 /* HomeView.swift in Sources */,
				1866E93029DA131100DE0C22 /* Metadata.swift in Sources */,
				181936EE29E613AB00AEA7A4 /* PlayerView.swift in Sources */,
				181777EA29D2667F006D6DB8 /* Neptunes.xcdatamodeld in Sources */,
			);
			runOnlyForDeploymentPostprocessing = 0;
		};
/* End PBXSourcesBuildPhase section */

/* Begin XCBuildConfiguration section */
		181777EB29D2667F006D6DB8 /* Debug */ = {
			isa = XCBuildConfiguration;
			buildSettings = {
				ALWAYS_SEARCH_USER_PATHS = NO;
				CLANG_ANALYZER_NONNULL = YES;
				CLANG_ANALYZER_NUMBER_OBJECT_CONVERSION = YES_AGGRESSIVE;
				CLANG_CXX_LANGUAGE_STANDARD = "gnu++20";
				CLANG_ENABLE_MODULES = YES;
				CLANG_ENABLE_OBJC_ARC = YES;
				CLANG_ENABLE_OBJC_WEAK = YES;
				CLANG_WARN_BLOCK_CAPTURE_AUTORELEASING = YES;
				CLANG_WARN_BOOL_CONVERSION = YES;
				CLANG_WARN_COMMA = YES;
				CLANG_WARN_CONSTANT_CONVERSION = YES;
				CLANG_WARN_DEPRECATED_OBJC_IMPLEMENTATIONS = YES;
				CLANG_WARN_DIRECT_OBJC_ISA_USAGE = YES_ERROR;
				CLANG_WARN_DOCUMENTATION_COMMENTS = YES;
				CLANG_WARN_EMPTY_BODY = YES;
				CLANG_WARN_ENUM_CONVERSION = YES;
				CLANG_WARN_INFINITE_RECURSION = YES;
				CLANG_WARN_INT_CONVERSION = YES;
				CLANG_WARN_NON_LITERAL_NULL_CONVERSION = YES;
				CLANG_WARN_OBJC_IMPLICIT_RETAIN_SELF = YES;
				CLANG_WARN_OBJC_LITERAL_CONVERSION = YES;
				CLANG_WARN_OBJC_ROOT_CLASS = YES_ERROR;
				CLANG_WARN_QUOTED_INCLUDE_IN_FRAMEWORK_HEADER = YES;
				CLANG_WARN_RANGE_LOOP_ANALYSIS = YES;
				CLANG_WARN_STRICT_PROTOTYPES = YES;
				CLANG_WARN_SUSPICIOUS_MOVE = YES;
				CLANG_WARN_UNGUARDED_AVAILABILITY = YES_AGGRESSIVE;
				CLANG_WARN_UNREACHABLE_CODE = YES;
				CLANG_WARN__DUPLICATE_METHOD_MATCH = YES;
				COPY_PHASE_STRIP = NO;
				DEBUG_INFORMATION_FORMAT = dwarf;
				ENABLE_STRICT_OBJC_MSGSEND = YES;
				ENABLE_TESTABILITY = YES;
				GCC_C_LANGUAGE_STANDARD = gnu11;
				GCC_DYNAMIC_NO_PIC = NO;
				GCC_NO_COMMON_BLOCKS = YES;
				GCC_OPTIMIZATION_LEVEL = 0;
				GCC_PREPROCESSOR_DEFINITIONS = (
					"DEBUG=1",
					"$(inherited)",
				);
				GCC_WARN_64_TO_32_BIT_CONVERSION = YES;
				GCC_WARN_ABOUT_RETURN_TYPE = YES_ERROR;
				GCC_WARN_UNDECLARED_SELECTOR = YES;
				GCC_WARN_UNINITIALIZED_AUTOS = YES_AGGRESSIVE;
				GCC_WARN_UNUSED_FUNCTION = YES;
				GCC_WARN_UNUSED_VARIABLE = YES;
				IPHONEOS_DEPLOYMENT_TARGET = 16.2;
				MTL_ENABLE_DEBUG_INFO = INCLUDE_SOURCE;
				MTL_FAST_MATH = YES;
				ONLY_ACTIVE_ARCH = YES;
				SDKROOT = iphoneos;
				SWIFT_ACTIVE_COMPILATION_CONDITIONS = DEBUG;
				SWIFT_OPTIMIZATION_LEVEL = "-Onone";
			};
			name = Debug;
		};
		181777EC29D2667F006D6DB8 /* Release */ = {
			isa = XCBuildConfiguration;
			buildSettings = {
				ALWAYS_SEARCH_USER_PATHS = NO;
				CLANG_ANALYZER_NONNULL = YES;
				CLANG_ANALYZER_NUMBER_OBJECT_CONVERSION = YES_AGGRESSIVE;
				CLANG_CXX_LANGUAGE_STANDARD = "gnu++20";
				CLANG_ENABLE_MODULES = YES;
				CLANG_ENABLE_OBJC_ARC = YES;
				CLANG_ENABLE_OBJC_WEAK = YES;
				CLANG_WARN_BLOCK_CAPTURE_AUTORELEASING = YES;
				CLANG_WARN_BOOL_CONVERSION = YES;
				CLANG_WARN_COMMA = YES;
				CLANG_WARN_CONSTANT_CONVERSION = YES;
				CLANG_WARN_DEPRECATED_OBJC_IMPLEMENTATIONS = YES;
				CLANG_WARN_DIRECT_OBJC_ISA_USAGE = YES_ERROR;
				CLANG_WARN_DOCUMENTATION_COMMENTS = YES;
				CLANG_WARN_EMPTY_BODY = YES;
				CLANG_WARN_ENUM_CONVERSION = YES;
				CLANG_WARN_INFINITE_RECURSION = YES;
				CLANG_WARN_INT_CONVERSION = YES;
				CLANG_WARN_NON_LITERAL_NULL_CONVERSION = YES;
				CLANG_WARN_OBJC_IMPLICIT_RETAIN_SELF = YES;
				CLANG_WARN_OBJC_LITERAL_CONVERSION = YES;
				CLANG_WARN_OBJC_ROOT_CLASS = YES_ERROR;
				CLANG_WARN_QUOTED_INCLUDE_IN_FRAMEWORK_HEADER = YES;
				CLANG_WARN_RANGE_LOOP_ANALYSIS = YES;
				CLANG_WARN_STRICT_PROTOTYPES = YES;
				CLANG_WARN_SUSPICIOUS_MOVE = YES;
				CLANG_WARN_UNGUARDED_AVAILABILITY = YES_AGGRESSIVE;
				CLANG_WARN_UNREACHABLE_CODE = YES;
				CLANG_WARN__DUPLICATE_METHOD_MATCH = YES;
				COPY_PHASE_STRIP = NO;
				DEBUG_INFORMATION_FORMAT = "dwarf-with-dsym";
				ENABLE_NS_ASSERTIONS = NO;
				ENABLE_STRICT_OBJC_MSGSEND = YES;
				GCC_C_LANGUAGE_STANDARD = gnu11;
				GCC_NO_COMMON_BLOCKS = YES;
				GCC_WARN_64_TO_32_BIT_CONVERSION = YES;
				GCC_WARN_ABOUT_RETURN_TYPE = YES_ERROR;
				GCC_WARN_UNDECLARED_SELECTOR = YES;
				GCC_WARN_UNINITIALIZED_AUTOS = YES_AGGRESSIVE;
				GCC_WARN_UNUSED_FUNCTION = YES;
				GCC_WARN_UNUSED_VARIABLE = YES;
				IPHONEOS_DEPLOYMENT_TARGET = 16.2;
				MTL_ENABLE_DEBUG_INFO = NO;
				MTL_FAST_MATH = YES;
				SDKROOT = iphoneos;
				SWIFT_COMPILATION_MODE = wholemodule;
				SWIFT_OPTIMIZATION_LEVEL = "-O";
				VALIDATE_PRODUCT = YES;
			};
			name = Release;
		};
		181777EE29D2667F006D6DB8 /* Debug */ = {
			isa = XCBuildConfiguration;
			buildSettings = {
				ASSETCATALOG_COMPILER_APPICON_NAME = AppIcon;
				ASSETCATALOG_COMPILER_GLOBAL_ACCENT_COLOR_NAME = AccentColor;
				CODE_SIGN_STYLE = Automatic;
				CURRENT_PROJECT_VERSION = 1;
				DEVELOPMENT_ASSET_PATHS = "\"Neptunes/Preview Content\"";
				DEVELOPMENT_TEAM = 75AGNXCF5M;
				ENABLE_PREVIEWS = YES;
				GENERATE_INFOPLIST_FILE = YES;
				INFOPLIST_KEY_UIApplicationSceneManifest_Generation = YES;
				INFOPLIST_KEY_UIApplicationSupportsIndirectInputEvents = YES;
				INFOPLIST_KEY_UILaunchScreen_Generation = YES;
				INFOPLIST_KEY_UISupportedInterfaceOrientations_iPad = "UIInterfaceOrientationPortrait UIInterfaceOrientationPortraitUpsideDown UIInterfaceOrientationLandscapeLeft UIInterfaceOrientationLandscapeRight";
				INFOPLIST_KEY_UISupportedInterfaceOrientations_iPhone = "UIInterfaceOrientationPortrait UIInterfaceOrientationLandscapeLeft UIInterfaceOrientationLandscapeRight";
				LD_RUNPATH_SEARCH_PATHS = (
					"$(inherited)",
					"@executable_path/Frameworks",
				);
				MARKETING_VERSION = 1.0;
				PRODUCT_BUNDLE_IDENTIFIER = com.tsaruggan.Neptunes;
				PRODUCT_NAME = "$(TARGET_NAME)";
				SWIFT_EMIT_LOC_STRINGS = YES;
				SWIFT_VERSION = 5.0;
				TARGETED_DEVICE_FAMILY = "1,2";
			};
			name = Debug;
		};
		181777EF29D2667F006D6DB8 /* Release */ = {
			isa = XCBuildConfiguration;
			buildSettings = {
				ASSETCATALOG_COMPILER_APPICON_NAME = AppIcon;
				ASSETCATALOG_COMPILER_GLOBAL_ACCENT_COLOR_NAME = AccentColor;
				CODE_SIGN_STYLE = Automatic;
				CURRENT_PROJECT_VERSION = 1;
				DEVELOPMENT_ASSET_PATHS = "\"Neptunes/Preview Content\"";
				DEVELOPMENT_TEAM = 75AGNXCF5M;
				ENABLE_PREVIEWS = YES;
				GENERATE_INFOPLIST_FILE = YES;
				INFOPLIST_KEY_UIApplicationSceneManifest_Generation = YES;
				INFOPLIST_KEY_UIApplicationSupportsIndirectInputEvents = YES;
				INFOPLIST_KEY_UILaunchScreen_Generation = YES;
				INFOPLIST_KEY_UISupportedInterfaceOrientations_iPad = "UIInterfaceOrientationPortrait UIInterfaceOrientationPortraitUpsideDown UIInterfaceOrientationLandscapeLeft UIInterfaceOrientationLandscapeRight";
				INFOPLIST_KEY_UISupportedInterfaceOrientations_iPhone = "UIInterfaceOrientationPortrait UIInterfaceOrientationLandscapeLeft UIInterfaceOrientationLandscapeRight";
				LD_RUNPATH_SEARCH_PATHS = (
					"$(inherited)",
					"@executable_path/Frameworks",
				);
				MARKETING_VERSION = 1.0;
				PRODUCT_BUNDLE_IDENTIFIER = com.tsaruggan.Neptunes;
				PRODUCT_NAME = "$(TARGET_NAME)";
				SWIFT_EMIT_LOC_STRINGS = YES;
				SWIFT_VERSION = 5.0;
				TARGETED_DEVICE_FAMILY = "1,2";
			};
			name = Release;
		};
/* End XCBuildConfiguration section */

/* Begin XCConfigurationList section */
		181777D529D2667E006D6DB8 /* Build configuration list for PBXProject "Neptunes" */ = {
			isa = XCConfigurationList;
			buildConfigurations = (
				181777EB29D2667F006D6DB8 /* Debug */,
				181777EC29D2667F006D6DB8 /* Release */,
			);
			defaultConfigurationIsVisible = 0;
			defaultConfigurationName = Release;
		};
		181777ED29D2667F006D6DB8 /* Build configuration list for PBXNativeTarget "Neptunes" */ = {
			isa = XCConfigurationList;
			buildConfigurations = (
				181777EE29D2667F006D6DB8 /* Debug */,
				181777EF29D2667F006D6DB8 /* Release */,
			);
			defaultConfigurationIsVisible = 0;
			defaultConfigurationName = Release;
		};
/* End XCConfigurationList section */

/* Begin XCVersionGroup section */
		181777E829D2667F006D6DB8 /* Neptunes.xcdatamodeld */ = {
			isa = XCVersionGroup;
			children = (
				181777E929D2667F006D6DB8 /* Neptunes.xcdatamodel */,
			);
			currentVersion = 181777E929D2667F006D6DB8 /* Neptunes.xcdatamodel */;
			path = Neptunes.xcdatamodeld;
			sourceTree = "<group>";
			versionGroupType = wrapper.xcdatamodel;
		};
/* End XCVersionGroup section */
	};
	rootObject = 181777D229D2667E006D6DB8 /* Project object */;
}
